
Microsoft Visual Studio Solution File, Format Version 11.00
# Visual Studio 2010
Project("{2150E333-8FDC-42A3-9474-1A3956D46DE8}") = ".nuget", ".nuget", "{21CBA4C3-8769-4E1A-9C42-79E744816F44}"
	ProjectSection(SolutionItems) = preProject
		.nuget\NuGet.Config = .nuget\NuGet.Config
		.nuget\NuGet.exe = .nuget\NuGet.exe
		.nuget\NuGet.targets = .nuget\NuGet.targets
	EndProjectSection
EndProject
Project("{2150E333-8FDC-42A3-9474-1A3956D46DE8}") = "Plugins", "Plugins", "{3EF68E0C-102C-4367-A146-D07E7648B206}"
EndProject
Project("{FAE04EC0-301F-11D3-BF4B-00C04F79EFBC}") = "AutomationDesktop", "AutomationDesktop\AutomationDesktop.csproj", "{CCC638AD-BFE5-4D81-8690-02086C71F971}"
EndProject
Project("{2150E333-8FDC-42A3-9474-1A3956D46DE8}") = "Automation.Plugins", "Automation.Plugins", "{CF22A134-8CC0-49E4-95F9-890E83B888F3}"
EndProject
Project("{FAE04EC0-301F-11D3-BF4B-00C04F79EFBC}") = "Automation.Plugins.MDJ.WCS", "Automation.Plugins.MDJ.WCS\Automation.Plugins.MDJ.WCS.csproj", "{A43932D2-68E8-476D-9AF9-59A20170EE58}"
EndProject
Project("{FAE04EC0-301F-11D3-BF4B-00C04F79EFBC}") = "Automation.Plugins.AiOiTag", "Automation.Plugins.AiOiTag\Automation.Plugins.AiOiTag.csproj", "{479F2E9D-F211-4619-8521-C939760743E5}"
EndProject
Project("{2150E333-8FDC-42A3-9474-1A3956D46DE8}") = "Application", "Application", "{67A9525E-4579-46BE-B83F-ABA501340F13}"
EndProject
Project("{FAE04EC0-301F-11D3-BF4B-00C04F79EFBC}") = "Automation.Plugins.Sorting", "Automation.Plugins.Sorting\Automation.Plugins.Sorting.csproj", "{04B981A2-0938-451A-8C40-46D3282FA03A}"
EndProject
Project("{FAE04EC0-301F-11D3-BF4B-00C04F79EFBC}") = "Automation.Plugins.Stocking", "Automation.Plugins.Stocking\Automation.Plugins.Stocking.csproj", "{43AD69D4-E979-4916-880B-34CC738C80AD}"
EndProject
Project("{FAE04EC0-301F-11D3-BF4B-00C04F79EFBC}") = "Automation.Plugins.Packaging", "Automation.Plugins.Packaging\Automation.Plugins.Packaging.csproj", "{69D51CF2-498C-4D0F-B26E-3CAC91490D79}"
EndProject
Project("{2150E333-8FDC-42A3-9474-1A3956D46DE8}") = "MDJ", "MDJ", "{8D9EA8EC-D207-4A74-B6AF-B8A86DD36BD6}"
EndProject
Project("{2150E333-8FDC-42A3-9474-1A3956D46DE8}") = "YZ", "YZ", "{1234D176-B395-47FD-AA94-4B8608AF41FA}"
EndProject
Project("{FAE04EC0-301F-11D3-BF4B-00C04F79EFBC}") = "Automation.Plugins.Labeling", "Automation.Plugins.Labeling\Automation.Plugins.Labeling.csproj", "{9C1194A0-6FFD-4ADD-AE84-C799E143D9AA}"
EndProject
Project("{FAE04EC0-301F-11D3-BF4B-00C04F79EFBC}") = "Automation.Plugins.ManualSupply", "Automation.Plugins.ManualSupply\Automation.Plugins.ManualSupply.csproj", "{ED93C978-7334-42B7-8C41-97FA5346C01A}"
EndProject
Project("{2150E333-8FDC-42A3-9474-1A3956D46DE8}") = "FJ", "FJ", "{A63D8D95-3501-4F68-84DB-2EBA94872A96}"
EndProject
Project("{2150E333-8FDC-42A3-9474-1A3956D46DE8}") = "Share", "Share", "{0A1AC27E-8491-4F8C-BA3C-8BFD16C51870}"
EndProject
Project("{FAE04EC0-301F-11D3-BF4B-00C04F79EFBC}") = "Automation.Plugins.YZ.Vehicular", "Automation.Plugins.YZ.Vehicular\Automation.Plugins.YZ.Vehicular.csproj", "{61B24C3F-6B77-4A76-9143-AC7F07E64E18}"
EndProject
Project("{FAE04EC0-301F-11D3-BF4B-00C04F79EFBC}") = "Automation.Plugins.YZ.WCS", "Automation.Plugins.YZ.WCS\Automation.Plugins.YZ.WCS.csproj", "{D3A6ACE7-5FFC-4048-9B77-061C63F1A0CD}"
EndProject
Project("{2150E333-8FDC-42A3-9474-1A3956D46DE8}") = "YA", "YA", "{F60A9AFF-E7E3-4EA4-B70F-82B687FEDEC0}"
EndProject
Project("{2150E333-8FDC-42A3-9474-1A3956D46DE8}") = "AS", "AS", "{4B5372E3-0ECC-47EE-A726-5E472985CDA1}"
EndProject
Project("{2150E333-8FDC-42A3-9474-1A3956D46DE8}") = "YB", "YB", "{B113C174-CBB7-4275-B379-3B45FF6156EB}"
EndProject
Project("{FAE04EC0-301F-11D3-BF4B-00C04F79EFBC}") = "Automation.Plugins.YZ.Sorting", "Automation.Plugins.YZ.Sorting\Automation.Plugins.YZ.Sorting.csproj", "{EDC61C86-009E-4B62-9F0C-59A9776AC65A}"
EndProject
Project("{FAE04EC0-301F-11D3-BF4B-00C04F79EFBC}") = "Automation.Plugins.YZ.Stocking", "Automation.Plugins.YZ.Stocking\Automation.Plugins.YZ.Stocking.csproj", "{57A867B9-8857-431C-99A1-15E17D420AA7}"
EndProject
Project("{FAE04EC0-301F-11D3-BF4B-00C04F79EFBC}") = "Automation.Plugins.YZ.ManualSupply", "Automation.Plugins.YZ.ManualSupply\Automation.Plugins.YZ.ManualSupply.csproj", "{7305AF4A-FE03-4232-8322-1A6764E5C8DE}"
EndProject
Project("{FAE04EC0-301F-11D3-BF4B-00C04F79EFBC}") = "Automation.Plugins.YB.WCS", "Automation.Plugins.YB.WCS\Automation.Plugins.YB.WCS.csproj", "{B81D8D90-8CE4-4F16-B4B9-5FC27A7435FF}"
EndProject
Project("{2150E333-8FDC-42A3-9474-1A3956D46DE8}") = "Setup", "Setup", "{19CD1D5D-9EFD-4112-B57E-0C4B8415103D}"
EndProject
Project("{2150E333-8FDC-42A3-9474-1A3956D46DE8}") = "MDJ", "MDJ", "{37832A23-8204-41FD-A036-287140428775}"
EndProject
Project("{2150E333-8FDC-42A3-9474-1A3956D46DE8}") = "WCS", "WCS", "{546DC573-C335-4E91-AD1A-F0CF17319C89}"
	ProjectSection(SolutionItems) = preProject
		Setup\AutomationDesktop.Setup.MDJ.WCS\AutomationDesktop.exe.config = Setup\AutomationDesktop.Setup.MDJ.WCS\AutomationDesktop.exe.config
		Setup\AutomationDesktop.Setup.MDJ.WCS\AutomationDesktop.ico = Setup\AutomationDesktop.Setup.MDJ.WCS\AutomationDesktop.ico
		Setup\AutomationDesktop.Setup.MDJ.WCS\AutomationDesktop.jpg = Setup\AutomationDesktop.Setup.MDJ.WCS\AutomationDesktop.jpg
		Setup\AutomationDesktop.Setup.MDJ.WCS\HomePanelImage.jpg = Setup\AutomationDesktop.Setup.MDJ.WCS\HomePanelImage.jpg
		Setup\AutomationDesktop.Setup.MDJ.WCS\TransactionScopeFactoryProviderConfig.xml = Setup\AutomationDesktop.Setup.MDJ.WCS\TransactionScopeFactoryProviderConfig.xml
	EndProjectSection
EndProject
Project("{54435603-DBB4-11D2-8724-00A0C9A8B90C}") = "AutomationDesktop.Setup.MDJ.WCS", "Setup\AutomationDesktop.Setup.MDJ.WCS\AutomationDesktop.Setup.MDJ.WCS.vdproj", "{BDA14C2F-CEC9-49A8-9AF3-56192DF9FCAA}"
EndProject
Project("{FAE04EC0-301F-11D3-BF4B-00C04F79EFBC}") = "Automation.Plugins.YA.WCS", "Automation.Plugins.YA.WCS\Automation.Plugins.YA.WCS.csproj", "{9AB825A2-DDAB-490C-A93C-15C7C614A3BD}"
EndProject
Project("{FAE04EC0-301F-11D3-BF4B-00C04F79EFBC}") = "Automation.Plugins.YA.Forklift", "Automation.Plugins.YA.Forklift\Automation.Plugins.YA.Forklift.csproj", "{29EADA40-7549-41D2-BC6C-977C6CA9DB73}"
EndProject
Project("{FAE04EC0-301F-11D3-BF4B-00C04F79EFBC}") = "Automation.Plugins.YB.Forklift", "Automation.Plugins.YB.Forklift\Automation.Plugins.YB.Forklift.csproj", "{C0324248-8B3C-45A7-98F7-442C42D042F2}"
EndProject
Project("{FAE04EC0-301F-11D3-BF4B-00C04F79EFBC}") = "Automation.Plugins.YB.ManualSupply", "Automation.Plugins.YB.ManualSupply\Automation.Plugins.YB.ManualSupply.csproj", "{EF1C4357-1FF5-4893-AB4C-FCE0C4CF2870}"
EndProject
Project("{FAE04EC0-301F-11D3-BF4B-00C04F79EFBC}") = "Automation.Plugins.YB.Sorting", "Automation.Plugins.YB.Sorting\Automation.Plugins.YB.Sorting.csproj", "{DA986EE3-0B11-4757-8C52-B8B7B07B221F}"
EndProject
Project("{FAE04EC0-301F-11D3-BF4B-00C04F79EFBC}") = "Automation.Plugins.YB.Stocking", "Automation.Plugins.YB.Stocking\Automation.Plugins.YB.Stocking.csproj", "{972136C0-724C-4FA1-BF34-E0E2D30DF910}"
EndProject
Project("{FAE04EC0-301F-11D3-BF4B-00C04F79EFBC}") = "Automation.Plugins.AS.Forklift", "Automation.Plugins.AS.Forklift\Automation.Plugins.AS.Forklift.csproj", "{84B6605F-F2F0-4CA4-BBCD-12688EC9C335}"
EndProject
Project("{FAE04EC0-301F-11D3-BF4B-00C04F79EFBC}") = "Automation.Plugins.AS.ManualSupply", "Automation.Plugins.AS.ManualSupply\Automation.Plugins.AS.ManualSupply.csproj", "{28F784CE-4C4B-4A18-90DA-A4E0367EDF22}"
EndProject
Project("{FAE04EC0-301F-11D3-BF4B-00C04F79EFBC}") = "Automation.Plugins.AS.Sorting", "Automation.Plugins.AS.Sorting\Automation.Plugins.AS.Sorting.csproj", "{268287BA-3F82-47B2-9779-44A10A30EC69}"
EndProject
Project("{FAE04EC0-301F-11D3-BF4B-00C04F79EFBC}") = "Automation.Plugins.AS.Stocking", "Automation.Plugins.AS.Stocking\Automation.Plugins.AS.Stocking.csproj", "{7CAA30FD-A2C7-426A-8AEB-4EBCB90AEDCD}"
EndProject
Project("{FAE04EC0-301F-11D3-BF4B-00C04F79EFBC}") = "Automation.Plugins.AS.WCS", "Automation.Plugins.AS.WCS\Automation.Plugins.AS.WCS.csproj", "{41C785D1-A3D5-4047-BFA7-EC6A7AFF76AA}"
EndProject
Project("{2150E333-8FDC-42A3-9474-1A3956D46DE8}") = "LPS", "LPS", "{F96169F0-5C5A-4E0A-99D3-6F97188E22BA}"
EndProject
Project("{FAE04EC0-301F-11D3-BF4B-00C04F79EFBC}") = "Automation.Plugins.LPS.ManualSupply", "Automation.Plugins.LPS.ManualSupply\Automation.Plugins.LPS.ManualSupply.csproj", "{E8EBF947-91A1-419A-86A1-F84E4DD9811A}"
EndProject
Project("{FAE04EC0-301F-11D3-BF4B-00C04F79EFBC}") = "Automation.Plugins.LPS.Sorting", "Automation.Plugins.LPS.Sorting\Automation.Plugins.LPS.Sorting.csproj", "{D7AE211D-E20A-40DE-A997-B4E774725C64}"
EndProject
Project("{2150E333-8FDC-42A3-9474-1A3956D46DE8}") = "AS", "AS", "{AA8253FE-1399-43A1-84D6-1A719AF58DF3}"
EndProject
Project("{2150E333-8FDC-42A3-9474-1A3956D46DE8}") = "LPS", "LPS", "{5F5606F6-9E02-4754-BFA0-195F6EBF7B83}"
EndProject
Project("{2150E333-8FDC-42A3-9474-1A3956D46DE8}") = "YZ", "YZ", "{6FE4DC32-AB04-4E03-A5BA-DBCAE53B04F7}"
EndProject
Project("{2150E333-8FDC-42A3-9474-1A3956D46DE8}") = "WCS", "WCS", "{737DBA44-AAA7-4067-8E0D-31BB91FB2BD4}"
EndProject
Project("{2150E333-8FDC-42A3-9474-1A3956D46DE8}") = "Sorting", "Sorting", "{AA6B794F-F08C-40F6-A676-2B36463500B3}"
EndProject
Project("{2150E333-8FDC-42A3-9474-1A3956D46DE8}") = "Sorting", "Sorting", "{3B586A2B-636A-42BC-AAF0-513D55403661}"
EndProject
Project("{2150E333-8FDC-42A3-9474-1A3956D46DE8}") = "WCS", "WCS", "{F9AAF3DA-10F8-4901-AB9A-FB4ECB91D575}"
EndProject
Project("{2150E333-8FDC-42A3-9474-1A3956D46DE8}") = "ManualSupply", "ManualSupply", "{00C2063D-8285-4528-BE60-30AD8D2F0C6A}"
EndProject
Project("{2150E333-8FDC-42A3-9474-1A3956D46DE8}") = "Sorting", "Sorting", "{305588C0-FE5D-466A-AEEA-508856B573A6}"
EndProject
Project("{2150E333-8FDC-42A3-9474-1A3956D46DE8}") = "Stocking", "Stocking", "{ED33899B-C266-4241-8537-439B19504C4A}"
	ProjectSection(SolutionItems) = preProject
		Setup\AutomationDesktop.Setup.AS.Stocking\AutomationDesktop.exe.config = Setup\AutomationDesktop.Setup.AS.Stocking\AutomationDesktop.exe.config
		Setup\AutomationDesktop.Setup.AS.Stocking\AutomationDesktop.ico = Setup\AutomationDesktop.Setup.AS.Stocking\AutomationDesktop.ico
		Setup\AutomationDesktop.Setup.AS.Stocking\AutomationDesktop.jpg = Setup\AutomationDesktop.Setup.AS.Stocking\AutomationDesktop.jpg
		Setup\AutomationDesktop.Setup.AS.Stocking\EQ2008_Dll.dll = Setup\AutomationDesktop.Setup.AS.Stocking\EQ2008_Dll.dll
		Setup\AutomationDesktop.Setup.AS.Stocking\EQ2008_Dll_Set.ini = Setup\AutomationDesktop.Setup.AS.Stocking\EQ2008_Dll_Set.ini
		Setup\AutomationDesktop.Setup.AS.Stocking\HomePanelImage.jpg = Setup\AutomationDesktop.Setup.AS.Stocking\HomePanelImage.jpg
		Setup\AutomationDesktop.Setup.AS.Stocking\TransactionScopeFactoryProviderConfig.xml = Setup\AutomationDesktop.Setup.AS.Stocking\TransactionScopeFactoryProviderConfig.xml
	EndProjectSection
EndProject
Project("{2150E333-8FDC-42A3-9474-1A3956D46DE8}") = "Forklift", "Forklift", "{CAB46868-9FAB-49A7-957B-BF68FF75DB0B}"
EndProject
Project("{2150E333-8FDC-42A3-9474-1A3956D46DE8}") = "Stocking", "Stocking", "{1888D25B-F110-4EFC-9A29-506915C436A0}"
	ProjectSection(SolutionItems) = preProject
		Setup\AutomationDesktop.Setup.LPS.Stocking\AutomationDesktop.exe.config = Setup\AutomationDesktop.Setup.LPS.Stocking\AutomationDesktop.exe.config
		Setup\AutomationDesktop.Setup.LPS.Stocking\AutomationDesktop.ico = Setup\AutomationDesktop.Setup.LPS.Stocking\AutomationDesktop.ico
		Setup\AutomationDesktop.Setup.LPS.Stocking\AutomationDesktop.jpg = Setup\AutomationDesktop.Setup.LPS.Stocking\AutomationDesktop.jpg
		Setup\AutomationDesktop.Setup.LPS.Stocking\EQ2008_Dll.dll = Setup\AutomationDesktop.Setup.LPS.Stocking\EQ2008_Dll.dll
		Setup\AutomationDesktop.Setup.LPS.Stocking\EQ2008_Dll_Set.ini = Setup\AutomationDesktop.Setup.LPS.Stocking\EQ2008_Dll_Set.ini
		Setup\AutomationDesktop.Setup.LPS.Stocking\HomePanelImage.jpg = Setup\AutomationDesktop.Setup.LPS.Stocking\HomePanelImage.jpg
		Setup\AutomationDesktop.Setup.LPS.Stocking\TransactionScopeFactoryProviderConfig.xml = Setup\AutomationDesktop.Setup.LPS.Stocking\TransactionScopeFactoryProviderConfig.xml
	EndProjectSection
EndProject
Project("{2150E333-8FDC-42A3-9474-1A3956D46DE8}") = "ManualSupply", "ManualSupply", "{46BEF356-108A-4E31-9E3C-E12E0001196D}"
EndProject
Project("{2150E333-8FDC-42A3-9474-1A3956D46DE8}") = "ManualSupply", "ManualSupply", "{C1F3079B-8D9F-4EDB-91B7-9702CFDEF7F8}"
EndProject
Project("{2150E333-8FDC-42A3-9474-1A3956D46DE8}") = "Stocking", "Stocking", "{DAE714C3-0812-469A-88DF-F7321B78D3D2}"
EndProject
Project("{2150E333-8FDC-42A3-9474-1A3956D46DE8}") = "Forklift", "Forklift", "{BF4E2838-BA61-4FA6-BC04-384DF19E231C}"
EndProject
Project("{FAE04EC0-301F-11D3-BF4B-00C04F79EFBC}") = "Automation.Plugins.Share.Sorting", "Automation.Plugins.Share.Sorting\Automation.Plugins.Share.Sorting.csproj", "{85AAB825-C8B5-40F3-B648-54F9B6553B0F}"
EndProject
Project("{FAE04EC0-301F-11D3-BF4B-00C04F79EFBC}") = "Automation.Plugins.Share.Stocking", "Automation.Plugins.Share.Stocking\Automation.Plugins.Share.Stocking.csproj", "{80C34ACB-FC72-40A9-B327-5031D1E09A5D}"
EndProject
Project("{FAE04EC0-301F-11D3-BF4B-00C04F79EFBC}") = "Automation.Plugins.LPS.Stocking", "Automation.Plugins.LPS.Stocking\Automation.Plugins.LPS.Stocking.csproj", "{C515F354-B32B-4082-A17C-1B186171A913}"
EndProject
Project("{54435603-DBB4-11D2-8724-00A0C9A8B90C}") = "AutomationDesktop.Setup.AS.Stocking", "Setup\AutomationDesktop.Setup.AS.Stocking\AutomationDesktop.Setup.AS.Stocking.vdproj", "{35848525-B3C0-4B14-ADEE-67B130FDD6EE}"
EndProject
Project("{54435603-DBB4-11D2-8724-00A0C9A8B90C}") = "AutomationDesktop.Setup.LPS.Stocking", "Setup\AutomationDesktop.Setup.LPS.Stocking\AutomationDesktop.Setup.LPS.Stocking.vdproj", "{88B36E3E-D284-4262-BF63-F0383BE9E495}"
EndProject
Project("{54435603-DBB4-11D2-8724-00A0C9A8B90C}") = "AutomationDesktop.Setup.AS.Sorting", "Setup\AutomationDesktop.Setup.AS.Sorting\AutomationDesktop.Setup.AS.Sorting.vdproj", "{37DA80A5-3B92-432E-A209-1DF1557D7D7F}"
EndProject
Project("{54435603-DBB4-11D2-8724-00A0C9A8B90C}") = "AutomationDesktop.Setup.AS.ManualSupply", "Setup\AutomationDesktop.Setup.AS.ManualSupply\AutomationDesktop.Setup.AS.ManualSupply.vdproj", "{318FF73D-8EEB-4C8A-A05B-3A79151AF074}"
EndProject
Project("{54435603-DBB4-11D2-8724-00A0C9A8B90C}") = "AutomationDesktop.Setup.LPS.ManualSupply", "Setup\AutomationDesktop.Setup.LPS.ManualSupply\AutomationDesktop.Setup.LPS.ManualSupply.vdproj", "{99FD521F-6452-42D9-8FF2-BC5DF84C53E4}"
EndProject
Project("{54435603-DBB4-11D2-8724-00A0C9A8B90C}") = "AutomationDesktop.Setup.LPS.Sorting", "Setup\AutomationDesktop.Setup.LPS.Sorting\AutomationDesktop.Setup.LPS.Sorting.vdproj", "{B866B34D-39CC-425B-A644-5C5F58BA73F7}"
EndProject
Global
	GlobalSection(SolutionConfigurationPlatforms) = preSolution
		Debug|Any CPU = Debug|Any CPU
		Debug|Mixed Platforms = Debug|Mixed Platforms
		Debug|x86 = Debug|x86
		Release|Any CPU = Release|Any CPU
		Release|Mixed Platforms = Release|Mixed Platforms
		Release|x86 = Release|x86
	EndGlobalSection
	GlobalSection(ProjectConfigurationPlatforms) = postSolution
		{CCC638AD-BFE5-4D81-8690-02086C71F971}.Debug|Any CPU.ActiveCfg = Debug|Any CPU
		{CCC638AD-BFE5-4D81-8690-02086C71F971}.Debug|Any CPU.Build.0 = Debug|Any CPU
		{CCC638AD-BFE5-4D81-8690-02086C71F971}.Debug|Mixed Platforms.ActiveCfg = Debug|Any CPU
		{CCC638AD-BFE5-4D81-8690-02086C71F971}.Debug|Mixed Platforms.Build.0 = Debug|Any CPU
		{CCC638AD-BFE5-4D81-8690-02086C71F971}.Debug|x86.ActiveCfg = Debug|Any CPU
		{CCC638AD-BFE5-4D81-8690-02086C71F971}.Release|Any CPU.ActiveCfg = Release|Any CPU
		{CCC638AD-BFE5-4D81-8690-02086C71F971}.Release|Any CPU.Build.0 = Release|Any CPU
		{CCC638AD-BFE5-4D81-8690-02086C71F971}.Release|Mixed Platforms.ActiveCfg = Release|Any CPU
		{CCC638AD-BFE5-4D81-8690-02086C71F971}.Release|Mixed Platforms.Build.0 = Release|Any CPU
		{CCC638AD-BFE5-4D81-8690-02086C71F971}.Release|x86.ActiveCfg = Release|Any CPU
		{A43932D2-68E8-476D-9AF9-59A20170EE58}.Debug|Any CPU.ActiveCfg = Debug|Any CPU
		{A43932D2-68E8-476D-9AF9-59A20170EE58}.Debug|Any CPU.Build.0 = Debug|Any CPU
		{A43932D2-68E8-476D-9AF9-59A20170EE58}.Debug|Mixed Platforms.ActiveCfg = Debug|Any CPU
		{A43932D2-68E8-476D-9AF9-59A20170EE58}.Debug|Mixed Platforms.Build.0 = Debug|Any CPU
		{A43932D2-68E8-476D-9AF9-59A20170EE58}.Debug|x86.ActiveCfg = Debug|Any CPU
		{A43932D2-68E8-476D-9AF9-59A20170EE58}.Release|Any CPU.ActiveCfg = Release|Any CPU
		{A43932D2-68E8-476D-9AF9-59A20170EE58}.Release|Any CPU.Build.0 = Release|Any CPU
		{A43932D2-68E8-476D-9AF9-59A20170EE58}.Release|Mixed Platforms.ActiveCfg = Release|Any CPU
		{A43932D2-68E8-476D-9AF9-59A20170EE58}.Release|Mixed Platforms.Build.0 = Release|Any CPU
		{A43932D2-68E8-476D-9AF9-59A20170EE58}.Release|x86.ActiveCfg = Release|Any CPU
		{479F2E9D-F211-4619-8521-C939760743E5}.Debug|Any CPU.ActiveCfg = Debug|Any CPU
		{479F2E9D-F211-4619-8521-C939760743E5}.Debug|Any CPU.Build.0 = Debug|Any CPU
		{479F2E9D-F211-4619-8521-C939760743E5}.Debug|Mixed Platforms.ActiveCfg = Debug|Any CPU
		{479F2E9D-F211-4619-8521-C939760743E5}.Debug|Mixed Platforms.Build.0 = Debug|Any CPU
		{479F2E9D-F211-4619-8521-C939760743E5}.Debug|x86.ActiveCfg = Debug|Any CPU
		{479F2E9D-F211-4619-8521-C939760743E5}.Release|Any CPU.ActiveCfg = Release|Any CPU
		{479F2E9D-F211-4619-8521-C939760743E5}.Release|Any CPU.Build.0 = Release|Any CPU
		{479F2E9D-F211-4619-8521-C939760743E5}.Release|Mixed Platforms.ActiveCfg = Release|Any CPU
		{479F2E9D-F211-4619-8521-C939760743E5}.Release|Mixed Platforms.Build.0 = Release|Any CPU
		{479F2E9D-F211-4619-8521-C939760743E5}.Release|x86.ActiveCfg = Release|Any CPU
		{04B981A2-0938-451A-8C40-46D3282FA03A}.Debug|Any CPU.ActiveCfg = Debug|Any CPU
		{04B981A2-0938-451A-8C40-46D3282FA03A}.Debug|Any CPU.Build.0 = Debug|Any CPU
		{04B981A2-0938-451A-8C40-46D3282FA03A}.Debug|Mixed Platforms.ActiveCfg = Debug|Any CPU
		{04B981A2-0938-451A-8C40-46D3282FA03A}.Debug|Mixed Platforms.Build.0 = Debug|Any CPU
		{04B981A2-0938-451A-8C40-46D3282FA03A}.Debug|x86.ActiveCfg = Debug|Any CPU
		{04B981A2-0938-451A-8C40-46D3282FA03A}.Release|Any CPU.ActiveCfg = Release|Any CPU
		{04B981A2-0938-451A-8C40-46D3282FA03A}.Release|Any CPU.Build.0 = Release|Any CPU
		{04B981A2-0938-451A-8C40-46D3282FA03A}.Release|Mixed Platforms.ActiveCfg = Release|Any CPU
		{04B981A2-0938-451A-8C40-46D3282FA03A}.Release|Mixed Platforms.Build.0 = Release|Any CPU
		{04B981A2-0938-451A-8C40-46D3282FA03A}.Release|x86.ActiveCfg = Release|Any CPU
		{43AD69D4-E979-4916-880B-34CC738C80AD}.Debug|Any CPU.ActiveCfg = Debug|Any CPU
		{43AD69D4-E979-4916-880B-34CC738C80AD}.Debug|Any CPU.Build.0 = Debug|Any CPU
		{43AD69D4-E979-4916-880B-34CC738C80AD}.Debug|Mixed Platforms.ActiveCfg = Debug|Any CPU
		{43AD69D4-E979-4916-880B-34CC738C80AD}.Debug|Mixed Platforms.Build.0 = Debug|Any CPU
		{43AD69D4-E979-4916-880B-34CC738C80AD}.Debug|x86.ActiveCfg = Debug|Any CPU
		{43AD69D4-E979-4916-880B-34CC738C80AD}.Release|Any CPU.ActiveCfg = Release|Any CPU
		{43AD69D4-E979-4916-880B-34CC738C80AD}.Release|Any CPU.Build.0 = Release|Any CPU
		{43AD69D4-E979-4916-880B-34CC738C80AD}.Release|Mixed Platforms.ActiveCfg = Release|Any CPU
		{43AD69D4-E979-4916-880B-34CC738C80AD}.Release|Mixed Platforms.Build.0 = Release|Any CPU
		{43AD69D4-E979-4916-880B-34CC738C80AD}.Release|x86.ActiveCfg = Release|Any CPU
		{69D51CF2-498C-4D0F-B26E-3CAC91490D79}.Debug|Any CPU.ActiveCfg = Debug|Any CPU
		{69D51CF2-498C-4D0F-B26E-3CAC91490D79}.Debug|Any CPU.Build.0 = Debug|Any CPU
		{69D51CF2-498C-4D0F-B26E-3CAC91490D79}.Debug|Mixed Platforms.ActiveCfg = Debug|Any CPU
		{69D51CF2-498C-4D0F-B26E-3CAC91490D79}.Debug|Mixed Platforms.Build.0 = Debug|Any CPU
		{69D51CF2-498C-4D0F-B26E-3CAC91490D79}.Debug|x86.ActiveCfg = Debug|Any CPU
		{69D51CF2-498C-4D0F-B26E-3CAC91490D79}.Release|Any CPU.ActiveCfg = Release|Any CPU
		{69D51CF2-498C-4D0F-B26E-3CAC91490D79}.Release|Any CPU.Build.0 = Release|Any CPU
		{69D51CF2-498C-4D0F-B26E-3CAC91490D79}.Release|Mixed Platforms.ActiveCfg = Release|Any CPU
		{69D51CF2-498C-4D0F-B26E-3CAC91490D79}.Release|Mixed Platforms.Build.0 = Release|Any CPU
		{69D51CF2-498C-4D0F-B26E-3CAC91490D79}.Release|x86.ActiveCfg = Release|Any CPU
		{9C1194A0-6FFD-4ADD-AE84-C799E143D9AA}.Debug|Any CPU.ActiveCfg = Debug|Any CPU
		{9C1194A0-6FFD-4ADD-AE84-C799E143D9AA}.Debug|Any CPU.Build.0 = Debug|Any CPU
		{9C1194A0-6FFD-4ADD-AE84-C799E143D9AA}.Debug|Mixed Platforms.ActiveCfg = Debug|Any CPU
		{9C1194A0-6FFD-4ADD-AE84-C799E143D9AA}.Debug|Mixed Platforms.Build.0 = Debug|Any CPU
		{9C1194A0-6FFD-4ADD-AE84-C799E143D9AA}.Debug|x86.ActiveCfg = Debug|Any CPU
		{9C1194A0-6FFD-4ADD-AE84-C799E143D9AA}.Release|Any CPU.ActiveCfg = Release|Any CPU
		{9C1194A0-6FFD-4ADD-AE84-C799E143D9AA}.Release|Any CPU.Build.0 = Release|Any CPU
		{9C1194A0-6FFD-4ADD-AE84-C799E143D9AA}.Release|Mixed Platforms.ActiveCfg = Release|Any CPU
		{9C1194A0-6FFD-4ADD-AE84-C799E143D9AA}.Release|Mixed Platforms.Build.0 = Release|Any CPU
		{9C1194A0-6FFD-4ADD-AE84-C799E143D9AA}.Release|x86.ActiveCfg = Release|Any CPU
		{ED93C978-7334-42B7-8C41-97FA5346C01A}.Debug|Any CPU.ActiveCfg = Debug|Any CPU
		{ED93C978-7334-42B7-8C41-97FA5346C01A}.Debug|Any CPU.Build.0 = Debug|Any CPU
		{ED93C978-7334-42B7-8C41-97FA5346C01A}.Debug|Mixed Platforms.ActiveCfg = Debug|Any CPU
		{ED93C978-7334-42B7-8C41-97FA5346C01A}.Debug|Mixed Platforms.Build.0 = Debug|Any CPU
		{ED93C978-7334-42B7-8C41-97FA5346C01A}.Debug|x86.ActiveCfg = Debug|Any CPU
		{ED93C978-7334-42B7-8C41-97FA5346C01A}.Release|Any CPU.ActiveCfg = Release|Any CPU
		{ED93C978-7334-42B7-8C41-97FA5346C01A}.Release|Any CPU.Build.0 = Release|Any CPU
		{ED93C978-7334-42B7-8C41-97FA5346C01A}.Release|Mixed Platforms.ActiveCfg = Release|Any CPU
		{ED93C978-7334-42B7-8C41-97FA5346C01A}.Release|Mixed Platforms.Build.0 = Release|Any CPU
		{ED93C978-7334-42B7-8C41-97FA5346C01A}.Release|x86.ActiveCfg = Release|Any CPU
		{61B24C3F-6B77-4A76-9143-AC7F07E64E18}.Debug|Any CPU.ActiveCfg = Debug|Any CPU
		{61B24C3F-6B77-4A76-9143-AC7F07E64E18}.Debug|Any CPU.Build.0 = Debug|Any CPU
		{61B24C3F-6B77-4A76-9143-AC7F07E64E18}.Debug|Mixed Platforms.ActiveCfg = Debug|Any CPU
		{61B24C3F-6B77-4A76-9143-AC7F07E64E18}.Debug|Mixed Platforms.Build.0 = Debug|Any CPU
		{61B24C3F-6B77-4A76-9143-AC7F07E64E18}.Debug|x86.ActiveCfg = Debug|Any CPU
		{61B24C3F-6B77-4A76-9143-AC7F07E64E18}.Release|Any CPU.ActiveCfg = Release|Any CPU
		{61B24C3F-6B77-4A76-9143-AC7F07E64E18}.Release|Any CPU.Build.0 = Release|Any CPU
		{61B24C3F-6B77-4A76-9143-AC7F07E64E18}.Release|Mixed Platforms.ActiveCfg = Release|Any CPU
		{61B24C3F-6B77-4A76-9143-AC7F07E64E18}.Release|Mixed Platforms.Build.0 = Release|Any CPU
		{61B24C3F-6B77-4A76-9143-AC7F07E64E18}.Release|x86.ActiveCfg = Release|Any CPU
		{D3A6ACE7-5FFC-4048-9B77-061C63F1A0CD}.Debug|Any CPU.ActiveCfg = Debug|Any CPU
		{D3A6ACE7-5FFC-4048-9B77-061C63F1A0CD}.Debug|Any CPU.Build.0 = Debug|Any CPU
		{D3A6ACE7-5FFC-4048-9B77-061C63F1A0CD}.Debug|Mixed Platforms.ActiveCfg = Debug|Any CPU
		{D3A6ACE7-5FFC-4048-9B77-061C63F1A0CD}.Debug|Mixed Platforms.Build.0 = Debug|Any CPU
		{D3A6ACE7-5FFC-4048-9B77-061C63F1A0CD}.Debug|x86.ActiveCfg = Debug|Any CPU
		{D3A6ACE7-5FFC-4048-9B77-061C63F1A0CD}.Release|Any CPU.ActiveCfg = Release|Any CPU
		{D3A6ACE7-5FFC-4048-9B77-061C63F1A0CD}.Release|Any CPU.Build.0 = Release|Any CPU
		{D3A6ACE7-5FFC-4048-9B77-061C63F1A0CD}.Release|Mixed Platforms.ActiveCfg = Release|Any CPU
		{D3A6ACE7-5FFC-4048-9B77-061C63F1A0CD}.Release|Mixed Platforms.Build.0 = Release|Any CPU
		{D3A6ACE7-5FFC-4048-9B77-061C63F1A0CD}.Release|x86.ActiveCfg = Release|Any CPU
		{EDC61C86-009E-4B62-9F0C-59A9776AC65A}.Debug|Any CPU.ActiveCfg = Debug|Any CPU
		{EDC61C86-009E-4B62-9F0C-59A9776AC65A}.Debug|Any CPU.Build.0 = Debug|Any CPU
		{EDC61C86-009E-4B62-9F0C-59A9776AC65A}.Debug|Mixed Platforms.ActiveCfg = Debug|Any CPU
		{EDC61C86-009E-4B62-9F0C-59A9776AC65A}.Debug|Mixed Platforms.Build.0 = Debug|Any CPU
		{EDC61C86-009E-4B62-9F0C-59A9776AC65A}.Debug|x86.ActiveCfg = Debug|Any CPU
		{EDC61C86-009E-4B62-9F0C-59A9776AC65A}.Release|Any CPU.ActiveCfg = Release|Any CPU
		{EDC61C86-009E-4B62-9F0C-59A9776AC65A}.Release|Any CPU.Build.0 = Release|Any CPU
		{EDC61C86-009E-4B62-9F0C-59A9776AC65A}.Release|Mixed Platforms.ActiveCfg = Release|Any CPU
		{EDC61C86-009E-4B62-9F0C-59A9776AC65A}.Release|Mixed Platforms.Build.0 = Release|Any CPU
		{EDC61C86-009E-4B62-9F0C-59A9776AC65A}.Release|x86.ActiveCfg = Release|Any CPU
		{57A867B9-8857-431C-99A1-15E17D420AA7}.Debug|Any CPU.ActiveCfg = Debug|Any CPU
		{57A867B9-8857-431C-99A1-15E17D420AA7}.Debug|Any CPU.Build.0 = Debug|Any CPU
		{57A867B9-8857-431C-99A1-15E17D420AA7}.Debug|Mixed Platforms.ActiveCfg = Debug|Any CPU
		{57A867B9-8857-431C-99A1-15E17D420AA7}.Debug|Mixed Platforms.Build.0 = Debug|Any CPU
		{57A867B9-8857-431C-99A1-15E17D420AA7}.Debug|x86.ActiveCfg = Debug|Any CPU
		{57A867B9-8857-431C-99A1-15E17D420AA7}.Release|Any CPU.ActiveCfg = Release|Any CPU
		{57A867B9-8857-431C-99A1-15E17D420AA7}.Release|Any CPU.Build.0 = Release|Any CPU
		{57A867B9-8857-431C-99A1-15E17D420AA7}.Release|Mixed Platforms.ActiveCfg = Release|Any CPU
		{57A867B9-8857-431C-99A1-15E17D420AA7}.Release|Mixed Platforms.Build.0 = Release|Any CPU
		{57A867B9-8857-431C-99A1-15E17D420AA7}.Release|x86.ActiveCfg = Release|Any CPU
		{7305AF4A-FE03-4232-8322-1A6764E5C8DE}.Debug|Any CPU.ActiveCfg = Debug|Any CPU
		{7305AF4A-FE03-4232-8322-1A6764E5C8DE}.Debug|Any CPU.Build.0 = Debug|Any CPU
		{7305AF4A-FE03-4232-8322-1A6764E5C8DE}.Debug|Mixed Platforms.ActiveCfg = Debug|Any CPU
		{7305AF4A-FE03-4232-8322-1A6764E5C8DE}.Debug|Mixed Platforms.Build.0 = Debug|Any CPU
		{7305AF4A-FE03-4232-8322-1A6764E5C8DE}.Debug|x86.ActiveCfg = Debug|Any CPU
		{7305AF4A-FE03-4232-8322-1A6764E5C8DE}.Release|Any CPU.ActiveCfg = Release|Any CPU
		{7305AF4A-FE03-4232-8322-1A6764E5C8DE}.Release|Any CPU.Build.0 = Release|Any CPU
		{7305AF4A-FE03-4232-8322-1A6764E5C8DE}.Release|Mixed Platforms.ActiveCfg = Release|Any CPU
		{7305AF4A-FE03-4232-8322-1A6764E5C8DE}.Release|Mixed Platforms.Build.0 = Release|Any CPU
		{7305AF4A-FE03-4232-8322-1A6764E5C8DE}.Release|x86.ActiveCfg = Release|Any CPU
		{B81D8D90-8CE4-4F16-B4B9-5FC27A7435FF}.Debug|Any CPU.ActiveCfg = Debug|Any CPU
		{B81D8D90-8CE4-4F16-B4B9-5FC27A7435FF}.Debug|Any CPU.Build.0 = Debug|Any CPU
		{B81D8D90-8CE4-4F16-B4B9-5FC27A7435FF}.Debug|Mixed Platforms.ActiveCfg = Debug|Any CPU
		{B81D8D90-8CE4-4F16-B4B9-5FC27A7435FF}.Debug|Mixed Platforms.Build.0 = Debug|Any CPU
		{B81D8D90-8CE4-4F16-B4B9-5FC27A7435FF}.Debug|x86.ActiveCfg = Debug|Any CPU
		{B81D8D90-8CE4-4F16-B4B9-5FC27A7435FF}.Release|Any CPU.ActiveCfg = Release|Any CPU
		{B81D8D90-8CE4-4F16-B4B9-5FC27A7435FF}.Release|Any CPU.Build.0 = Release|Any CPU
		{B81D8D90-8CE4-4F16-B4B9-5FC27A7435FF}.Release|Mixed Platforms.ActiveCfg = Release|Any CPU
		{B81D8D90-8CE4-4F16-B4B9-5FC27A7435FF}.Release|Mixed Platforms.Build.0 = Release|Any CPU
		{B81D8D90-8CE4-4F16-B4B9-5FC27A7435FF}.Release|x86.ActiveCfg = Release|Any CPU
		{BDA14C2F-CEC9-49A8-9AF3-56192DF9FCAA}.Debug|Any CPU.ActiveCfg = Debug
		{BDA14C2F-CEC9-49A8-9AF3-56192DF9FCAA}.Debug|Any CPU.Build.0 = Debug
		{BDA14C2F-CEC9-49A8-9AF3-56192DF9FCAA}.Debug|Mixed Platforms.ActiveCfg = Debug
		{BDA14C2F-CEC9-49A8-9AF3-56192DF9FCAA}.Debug|Mixed Platforms.Build.0 = Debug
		{BDA14C2F-CEC9-49A8-9AF3-56192DF9FCAA}.Debug|x86.ActiveCfg = Debug
		{BDA14C2F-CEC9-49A8-9AF3-56192DF9FCAA}.Debug|x86.Build.0 = Debug
		{BDA14C2F-CEC9-49A8-9AF3-56192DF9FCAA}.Release|Any CPU.ActiveCfg = Release
		{BDA14C2F-CEC9-49A8-9AF3-56192DF9FCAA}.Release|Any CPU.Build.0 = Release
		{BDA14C2F-CEC9-49A8-9AF3-56192DF9FCAA}.Release|Mixed Platforms.ActiveCfg = Release
		{BDA14C2F-CEC9-49A8-9AF3-56192DF9FCAA}.Release|Mixed Platforms.Build.0 = Release
		{BDA14C2F-CEC9-49A8-9AF3-56192DF9FCAA}.Release|x86.ActiveCfg = Release
		{BDA14C2F-CEC9-49A8-9AF3-56192DF9FCAA}.Release|x86.Build.0 = Release
		{9AB825A2-DDAB-490C-A93C-15C7C614A3BD}.Debug|Any CPU.ActiveCfg = Debug|Any CPU
		{9AB825A2-DDAB-490C-A93C-15C7C614A3BD}.Debug|Any CPU.Build.0 = Debug|Any CPU
		{9AB825A2-DDAB-490C-A93C-15C7C614A3BD}.Debug|Mixed Platforms.ActiveCfg = Debug|Any CPU
		{9AB825A2-DDAB-490C-A93C-15C7C614A3BD}.Debug|Mixed Platforms.Build.0 = Debug|Any CPU
		{9AB825A2-DDAB-490C-A93C-15C7C614A3BD}.Debug|x86.ActiveCfg = Debug|Any CPU
		{9AB825A2-DDAB-490C-A93C-15C7C614A3BD}.Release|Any CPU.ActiveCfg = Release|Any CPU
		{9AB825A2-DDAB-490C-A93C-15C7C614A3BD}.Release|Any CPU.Build.0 = Release|Any CPU
		{9AB825A2-DDAB-490C-A93C-15C7C614A3BD}.Release|Mixed Platforms.ActiveCfg = Release|Any CPU
		{9AB825A2-DDAB-490C-A93C-15C7C614A3BD}.Release|Mixed Platforms.Build.0 = Release|Any CPU
		{9AB825A2-DDAB-490C-A93C-15C7C614A3BD}.Release|x86.ActiveCfg = Release|Any CPU
		{29EADA40-7549-41D2-BC6C-977C6CA9DB73}.Debug|Any CPU.ActiveCfg = Debug|Any CPU
		{29EADA40-7549-41D2-BC6C-977C6CA9DB73}.Debug|Any CPU.Build.0 = Debug|Any CPU
		{29EADA40-7549-41D2-BC6C-977C6CA9DB73}.Debug|Mixed Platforms.ActiveCfg = Debug|Any CPU
		{29EADA40-7549-41D2-BC6C-977C6CA9DB73}.Debug|Mixed Platforms.Build.0 = Debug|Any CPU
		{29EADA40-7549-41D2-BC6C-977C6CA9DB73}.Debug|x86.ActiveCfg = Debug|Any CPU
		{29EADA40-7549-41D2-BC6C-977C6CA9DB73}.Release|Any CPU.ActiveCfg = Release|Any CPU
		{29EADA40-7549-41D2-BC6C-977C6CA9DB73}.Release|Any CPU.Build.0 = Release|Any CPU
		{29EADA40-7549-41D2-BC6C-977C6CA9DB73}.Release|Mixed Platforms.ActiveCfg = Release|Any CPU
		{29EADA40-7549-41D2-BC6C-977C6CA9DB73}.Release|Mixed Platforms.Build.0 = Release|Any CPU
		{29EADA40-7549-41D2-BC6C-977C6CA9DB73}.Release|x86.ActiveCfg = Release|Any CPU
		{C0324248-8B3C-45A7-98F7-442C42D042F2}.Debug|Any CPU.ActiveCfg = Debug|Any CPU
		{C0324248-8B3C-45A7-98F7-442C42D042F2}.Debug|Any CPU.Build.0 = Debug|Any CPU
		{C0324248-8B3C-45A7-98F7-442C42D042F2}.Debug|Mixed Platforms.ActiveCfg = Debug|Any CPU
		{C0324248-8B3C-45A7-98F7-442C42D042F2}.Debug|Mixed Platforms.Build.0 = Debug|Any CPU
		{C0324248-8B3C-45A7-98F7-442C42D042F2}.Debug|x86.ActiveCfg = Debug|Any CPU
		{C0324248-8B3C-45A7-98F7-442C42D042F2}.Release|Any CPU.ActiveCfg = Release|Any CPU
		{C0324248-8B3C-45A7-98F7-442C42D042F2}.Release|Any CPU.Build.0 = Release|Any CPU
		{C0324248-8B3C-45A7-98F7-442C42D042F2}.Release|Mixed Platforms.ActiveCfg = Release|Any CPU
		{C0324248-8B3C-45A7-98F7-442C42D042F2}.Release|Mixed Platforms.Build.0 = Release|Any CPU
		{C0324248-8B3C-45A7-98F7-442C42D042F2}.Release|x86.ActiveCfg = Release|Any CPU
		{EF1C4357-1FF5-4893-AB4C-FCE0C4CF2870}.Debug|Any CPU.ActiveCfg = Debug|Any CPU
		{EF1C4357-1FF5-4893-AB4C-FCE0C4CF2870}.Debug|Any CPU.Build.0 = Debug|Any CPU
		{EF1C4357-1FF5-4893-AB4C-FCE0C4CF2870}.Debug|Mixed Platforms.ActiveCfg = Debug|Any CPU
		{EF1C4357-1FF5-4893-AB4C-FCE0C4CF2870}.Debug|Mixed Platforms.Build.0 = Debug|Any CPU
		{EF1C4357-1FF5-4893-AB4C-FCE0C4CF2870}.Debug|x86.ActiveCfg = Debug|Any CPU
		{EF1C4357-1FF5-4893-AB4C-FCE0C4CF2870}.Release|Any CPU.ActiveCfg = Release|Any CPU
		{EF1C4357-1FF5-4893-AB4C-FCE0C4CF2870}.Release|Any CPU.Build.0 = Release|Any CPU
		{EF1C4357-1FF5-4893-AB4C-FCE0C4CF2870}.Release|Mixed Platforms.ActiveCfg = Release|Any CPU
		{EF1C4357-1FF5-4893-AB4C-FCE0C4CF2870}.Release|Mixed Platforms.Build.0 = Release|Any CPU
		{EF1C4357-1FF5-4893-AB4C-FCE0C4CF2870}.Release|x86.ActiveCfg = Release|Any CPU
		{DA986EE3-0B11-4757-8C52-B8B7B07B221F}.Debug|Any CPU.ActiveCfg = Debug|Any CPU
		{DA986EE3-0B11-4757-8C52-B8B7B07B221F}.Debug|Any CPU.Build.0 = Debug|Any CPU
		{DA986EE3-0B11-4757-8C52-B8B7B07B221F}.Debug|Mixed Platforms.ActiveCfg = Debug|Any CPU
		{DA986EE3-0B11-4757-8C52-B8B7B07B221F}.Debug|Mixed Platforms.Build.0 = Debug|Any CPU
		{DA986EE3-0B11-4757-8C52-B8B7B07B221F}.Debug|x86.ActiveCfg = Debug|Any CPU
		{DA986EE3-0B11-4757-8C52-B8B7B07B221F}.Release|Any CPU.ActiveCfg = Release|Any CPU
		{DA986EE3-0B11-4757-8C52-B8B7B07B221F}.Release|Any CPU.Build.0 = Release|Any CPU
		{DA986EE3-0B11-4757-8C52-B8B7B07B221F}.Release|Mixed Platforms.ActiveCfg = Release|Any CPU
		{DA986EE3-0B11-4757-8C52-B8B7B07B221F}.Release|Mixed Platforms.Build.0 = Release|Any CPU
		{DA986EE3-0B11-4757-8C52-B8B7B07B221F}.Release|x86.ActiveCfg = Release|Any CPU
		{972136C0-724C-4FA1-BF34-E0E2D30DF910}.Debug|Any CPU.ActiveCfg = Debug|Any CPU
		{972136C0-724C-4FA1-BF34-E0E2D30DF910}.Debug|Any CPU.Build.0 = Debug|Any CPU
		{972136C0-724C-4FA1-BF34-E0E2D30DF910}.Debug|Mixed Platforms.ActiveCfg = Debug|Any CPU
		{972136C0-724C-4FA1-BF34-E0E2D30DF910}.Debug|Mixed Platforms.Build.0 = Debug|Any CPU
		{972136C0-724C-4FA1-BF34-E0E2D30DF910}.Debug|x86.ActiveCfg = Debug|Any CPU
		{972136C0-724C-4FA1-BF34-E0E2D30DF910}.Release|Any CPU.ActiveCfg = Release|Any CPU
		{972136C0-724C-4FA1-BF34-E0E2D30DF910}.Release|Any CPU.Build.0 = Release|Any CPU
		{972136C0-724C-4FA1-BF34-E0E2D30DF910}.Release|Mixed Platforms.ActiveCfg = Release|Any CPU
		{972136C0-724C-4FA1-BF34-E0E2D30DF910}.Release|Mixed Platforms.Build.0 = Release|Any CPU
		{972136C0-724C-4FA1-BF34-E0E2D30DF910}.Release|x86.ActiveCfg = Release|Any CPU
		{84B6605F-F2F0-4CA4-BBCD-12688EC9C335}.Debug|Any CPU.ActiveCfg = Debug|Any CPU
		{84B6605F-F2F0-4CA4-BBCD-12688EC9C335}.Debug|Any CPU.Build.0 = Debug|Any CPU
		{84B6605F-F2F0-4CA4-BBCD-12688EC9C335}.Debug|Mixed Platforms.ActiveCfg = Debug|Any CPU
		{84B6605F-F2F0-4CA4-BBCD-12688EC9C335}.Debug|Mixed Platforms.Build.0 = Debug|Any CPU
		{84B6605F-F2F0-4CA4-BBCD-12688EC9C335}.Debug|x86.ActiveCfg = Debug|Any CPU
		{84B6605F-F2F0-4CA4-BBCD-12688EC9C335}.Release|Any CPU.ActiveCfg = Release|Any CPU
		{84B6605F-F2F0-4CA4-BBCD-12688EC9C335}.Release|Any CPU.Build.0 = Release|Any CPU
		{84B6605F-F2F0-4CA4-BBCD-12688EC9C335}.Release|Mixed Platforms.ActiveCfg = Release|Any CPU
		{84B6605F-F2F0-4CA4-BBCD-12688EC9C335}.Release|Mixed Platforms.Build.0 = Release|Any CPU
		{84B6605F-F2F0-4CA4-BBCD-12688EC9C335}.Release|x86.ActiveCfg = Release|Any CPU
		{28F784CE-4C4B-4A18-90DA-A4E0367EDF22}.Debug|Any CPU.ActiveCfg = Debug|Any CPU
		{28F784CE-4C4B-4A18-90DA-A4E0367EDF22}.Debug|Any CPU.Build.0 = Debug|Any CPU
		{28F784CE-4C4B-4A18-90DA-A4E0367EDF22}.Debug|Mixed Platforms.ActiveCfg = Debug|Any CPU
		{28F784CE-4C4B-4A18-90DA-A4E0367EDF22}.Debug|Mixed Platforms.Build.0 = Debug|Any CPU
		{28F784CE-4C4B-4A18-90DA-A4E0367EDF22}.Debug|x86.ActiveCfg = Debug|Any CPU
		{28F784CE-4C4B-4A18-90DA-A4E0367EDF22}.Release|Any CPU.ActiveCfg = Release|Any CPU
		{28F784CE-4C4B-4A18-90DA-A4E0367EDF22}.Release|Any CPU.Build.0 = Release|Any CPU
		{28F784CE-4C4B-4A18-90DA-A4E0367EDF22}.Release|Mixed Platforms.ActiveCfg = Release|Any CPU
		{28F784CE-4C4B-4A18-90DA-A4E0367EDF22}.Release|Mixed Platforms.Build.0 = Release|Any CPU
		{28F784CE-4C4B-4A18-90DA-A4E0367EDF22}.Release|x86.ActiveCfg = Release|Any CPU
		{268287BA-3F82-47B2-9779-44A10A30EC69}.Debug|Any CPU.ActiveCfg = Debug|Any CPU
		{268287BA-3F82-47B2-9779-44A10A30EC69}.Debug|Any CPU.Build.0 = Debug|Any CPU
		{268287BA-3F82-47B2-9779-44A10A30EC69}.Debug|Mixed Platforms.ActiveCfg = Debug|Any CPU
		{268287BA-3F82-47B2-9779-44A10A30EC69}.Debug|Mixed Platforms.Build.0 = Debug|Any CPU
		{268287BA-3F82-47B2-9779-44A10A30EC69}.Debug|x86.ActiveCfg = Debug|Any CPU
		{268287BA-3F82-47B2-9779-44A10A30EC69}.Release|Any CPU.ActiveCfg = Release|Any CPU
		{268287BA-3F82-47B2-9779-44A10A30EC69}.Release|Any CPU.Build.0 = Release|Any CPU
		{268287BA-3F82-47B2-9779-44A10A30EC69}.Release|Mixed Platforms.ActiveCfg = Release|Any CPU
		{268287BA-3F82-47B2-9779-44A10A30EC69}.Release|Mixed Platforms.Build.0 = Release|Any CPU
		{268287BA-3F82-47B2-9779-44A10A30EC69}.Release|x86.ActiveCfg = Release|Any CPU
		{7CAA30FD-A2C7-426A-8AEB-4EBCB90AEDCD}.Debug|Any CPU.ActiveCfg = Debug|Any CPU
		{7CAA30FD-A2C7-426A-8AEB-4EBCB90AEDCD}.Debug|Any CPU.Build.0 = Debug|Any CPU
		{7CAA30FD-A2C7-426A-8AEB-4EBCB90AEDCD}.Debug|Mixed Platforms.ActiveCfg = Debug|Any CPU
		{7CAA30FD-A2C7-426A-8AEB-4EBCB90AEDCD}.Debug|Mixed Platforms.Build.0 = Debug|Any CPU
		{7CAA30FD-A2C7-426A-8AEB-4EBCB90AEDCD}.Debug|x86.ActiveCfg = Debug|Any CPU
		{7CAA30FD-A2C7-426A-8AEB-4EBCB90AEDCD}.Release|Any CPU.ActiveCfg = Release|Any CPU
		{7CAA30FD-A2C7-426A-8AEB-4EBCB90AEDCD}.Release|Any CPU.Build.0 = Release|Any CPU
		{7CAA30FD-A2C7-426A-8AEB-4EBCB90AEDCD}.Release|Mixed Platforms.ActiveCfg = Release|Any CPU
		{7CAA30FD-A2C7-426A-8AEB-4EBCB90AEDCD}.Release|Mixed Platforms.Build.0 = Release|Any CPU
		{7CAA30FD-A2C7-426A-8AEB-4EBCB90AEDCD}.Release|x86.ActiveCfg = Release|Any CPU
		{41C785D1-A3D5-4047-BFA7-EC6A7AFF76AA}.Debug|Any CPU.ActiveCfg = Debug|Any CPU
		{41C785D1-A3D5-4047-BFA7-EC6A7AFF76AA}.Debug|Any CPU.Build.0 = Debug|Any CPU
		{41C785D1-A3D5-4047-BFA7-EC6A7AFF76AA}.Debug|Mixed Platforms.ActiveCfg = Debug|Any CPU
		{41C785D1-A3D5-4047-BFA7-EC6A7AFF76AA}.Debug|Mixed Platforms.Build.0 = Debug|Any CPU
		{41C785D1-A3D5-4047-BFA7-EC6A7AFF76AA}.Debug|x86.ActiveCfg = Debug|Any CPU
		{41C785D1-A3D5-4047-BFA7-EC6A7AFF76AA}.Release|Any CPU.ActiveCfg = Release|Any CPU
		{41C785D1-A3D5-4047-BFA7-EC6A7AFF76AA}.Release|Any CPU.Build.0 = Release|Any CPU
		{41C785D1-A3D5-4047-BFA7-EC6A7AFF76AA}.Release|Mixed Platforms.ActiveCfg = Release|Any CPU
		{41C785D1-A3D5-4047-BFA7-EC6A7AFF76AA}.Release|Mixed Platforms.Build.0 = Release|Any CPU
		{41C785D1-A3D5-4047-BFA7-EC6A7AFF76AA}.Release|x86.ActiveCfg = Release|Any CPU
		{E8EBF947-91A1-419A-86A1-F84E4DD9811A}.Debug|Any CPU.ActiveCfg = Debug|Any CPU
		{E8EBF947-91A1-419A-86A1-F84E4DD9811A}.Debug|Any CPU.Build.0 = Debug|Any CPU
		{E8EBF947-91A1-419A-86A1-F84E4DD9811A}.Debug|Mixed Platforms.ActiveCfg = Debug|Any CPU
		{E8EBF947-91A1-419A-86A1-F84E4DD9811A}.Debug|Mixed Platforms.Build.0 = Debug|Any CPU
		{E8EBF947-91A1-419A-86A1-F84E4DD9811A}.Debug|x86.ActiveCfg = Debug|Any CPU
		{E8EBF947-91A1-419A-86A1-F84E4DD9811A}.Release|Any CPU.ActiveCfg = Release|Any CPU
		{E8EBF947-91A1-419A-86A1-F84E4DD9811A}.Release|Any CPU.Build.0 = Release|Any CPU
		{E8EBF947-91A1-419A-86A1-F84E4DD9811A}.Release|Mixed Platforms.ActiveCfg = Release|Any CPU
		{E8EBF947-91A1-419A-86A1-F84E4DD9811A}.Release|Mixed Platforms.Build.0 = Release|Any CPU
		{E8EBF947-91A1-419A-86A1-F84E4DD9811A}.Release|x86.ActiveCfg = Release|Any CPU
		{D7AE211D-E20A-40DE-A997-B4E774725C64}.Debug|Any CPU.ActiveCfg = Debug|Any CPU
		{D7AE211D-E20A-40DE-A997-B4E774725C64}.Debug|Any CPU.Build.0 = Debug|Any CPU
		{D7AE211D-E20A-40DE-A997-B4E774725C64}.Debug|Mixed Platforms.ActiveCfg = Debug|Any CPU
		{D7AE211D-E20A-40DE-A997-B4E774725C64}.Debug|Mixed Platforms.Build.0 = Debug|Any CPU
		{D7AE211D-E20A-40DE-A997-B4E774725C64}.Debug|x86.ActiveCfg = Debug|Any CPU
		{D7AE211D-E20A-40DE-A997-B4E774725C64}.Release|Any CPU.ActiveCfg = Release|Any CPU
		{D7AE211D-E20A-40DE-A997-B4E774725C64}.Release|Any CPU.Build.0 = Release|Any CPU
		{D7AE211D-E20A-40DE-A997-B4E774725C64}.Release|Mixed Platforms.ActiveCfg = Release|Any CPU
		{D7AE211D-E20A-40DE-A997-B4E774725C64}.Release|Mixed Platforms.Build.0 = Release|Any CPU
		{D7AE211D-E20A-40DE-A997-B4E774725C64}.Release|x86.ActiveCfg = Release|Any CPU
		{85AAB825-C8B5-40F3-B648-54F9B6553B0F}.Debug|Any CPU.ActiveCfg = Debug|Any CPU
		{85AAB825-C8B5-40F3-B648-54F9B6553B0F}.Debug|Any CPU.Build.0 = Debug|Any CPU
		{85AAB825-C8B5-40F3-B648-54F9B6553B0F}.Debug|Mixed Platforms.ActiveCfg = Debug|Any CPU
		{85AAB825-C8B5-40F3-B648-54F9B6553B0F}.Debug|Mixed Platforms.Build.0 = Debug|Any CPU
		{85AAB825-C8B5-40F3-B648-54F9B6553B0F}.Debug|x86.ActiveCfg = Debug|Any CPU
		{85AAB825-C8B5-40F3-B648-54F9B6553B0F}.Release|Any CPU.ActiveCfg = Release|Any CPU
		{85AAB825-C8B5-40F3-B648-54F9B6553B0F}.Release|Any CPU.Build.0 = Release|Any CPU
		{85AAB825-C8B5-40F3-B648-54F9B6553B0F}.Release|Mixed Platforms.ActiveCfg = Release|Any CPU
		{85AAB825-C8B5-40F3-B648-54F9B6553B0F}.Release|Mixed Platforms.Build.0 = Release|Any CPU
		{85AAB825-C8B5-40F3-B648-54F9B6553B0F}.Release|x86.ActiveCfg = Release|Any CPU
		{80C34ACB-FC72-40A9-B327-5031D1E09A5D}.Debug|Any CPU.ActiveCfg = Debug|Any CPU
		{80C34ACB-FC72-40A9-B327-5031D1E09A5D}.Debug|Any CPU.Build.0 = Debug|Any CPU
		{80C34ACB-FC72-40A9-B327-5031D1E09A5D}.Debug|Mixed Platforms.ActiveCfg = Debug|Any CPU
		{80C34ACB-FC72-40A9-B327-5031D1E09A5D}.Debug|Mixed Platforms.Build.0 = Debug|Any CPU
		{80C34ACB-FC72-40A9-B327-5031D1E09A5D}.Debug|x86.ActiveCfg = Debug|Any CPU
		{80C34ACB-FC72-40A9-B327-5031D1E09A5D}.Release|Any CPU.ActiveCfg = Release|Any CPU
		{80C34ACB-FC72-40A9-B327-5031D1E09A5D}.Release|Any CPU.Build.0 = Release|Any CPU
		{80C34ACB-FC72-40A9-B327-5031D1E09A5D}.Release|Mixed Platforms.ActiveCfg = Release|Any CPU
		{80C34ACB-FC72-40A9-B327-5031D1E09A5D}.Release|Mixed Platforms.Build.0 = Release|Any CPU
		{80C34ACB-FC72-40A9-B327-5031D1E09A5D}.Release|x86.ActiveCfg = Release|Any CPU
		{C515F354-B32B-4082-A17C-1B186171A913}.Debug|Any CPU.ActiveCfg = Debug|Any CPU
		{C515F354-B32B-4082-A17C-1B186171A913}.Debug|Any CPU.Build.0 = Debug|Any CPU
		{C515F354-B32B-4082-A17C-1B186171A913}.Debug|Mixed Platforms.ActiveCfg = Debug|Any CPU
		{C515F354-B32B-4082-A17C-1B186171A913}.Debug|Mixed Platforms.Build.0 = Debug|Any CPU
		{C515F354-B32B-4082-A17C-1B186171A913}.Debug|x86.ActiveCfg = Debug|Any CPU
		{C515F354-B32B-4082-A17C-1B186171A913}.Release|Any CPU.ActiveCfg = Release|Any CPU
		{C515F354-B32B-4082-A17C-1B186171A913}.Release|Any CPU.Build.0 = Release|Any CPU
		{C515F354-B32B-4082-A17C-1B186171A913}.Release|Mixed Platforms.ActiveCfg = Release|Any CPU
		{C515F354-B32B-4082-A17C-1B186171A913}.Release|Mixed Platforms.Build.0 = Release|Any CPU
		{C515F354-B32B-4082-A17C-1B186171A913}.Release|x86.ActiveCfg = Release|Any CPU
		{35848525-B3C0-4B14-ADEE-67B130FDD6EE}.Debug|Any CPU.ActiveCfg = Debug
		{35848525-B3C0-4B14-ADEE-67B130FDD6EE}.Debug|Any CPU.Build.0 = Debug
		{35848525-B3C0-4B14-ADEE-67B130FDD6EE}.Debug|Mixed Platforms.ActiveCfg = Debug
		{35848525-B3C0-4B14-ADEE-67B130FDD6EE}.Debug|Mixed Platforms.Build.0 = Debug
		{35848525-B3C0-4B14-ADEE-67B130FDD6EE}.Debug|x86.ActiveCfg = Debug
		{35848525-B3C0-4B14-ADEE-67B130FDD6EE}.Debug|x86.Build.0 = Debug
		{35848525-B3C0-4B14-ADEE-67B130FDD6EE}.Release|Any CPU.ActiveCfg = Release
		{35848525-B3C0-4B14-ADEE-67B130FDD6EE}.Release|Any CPU.Build.0 = Release
		{35848525-B3C0-4B14-ADEE-67B130FDD6EE}.Release|Mixed Platforms.ActiveCfg = Release
		{35848525-B3C0-4B14-ADEE-67B130FDD6EE}.Release|Mixed Platforms.Build.0 = Release
		{35848525-B3C0-4B14-ADEE-67B130FDD6EE}.Release|x86.ActiveCfg = Release
		{35848525-B3C0-4B14-ADEE-67B130FDD6EE}.Release|x86.Build.0 = Release
		{88B36E3E-D284-4262-BF63-F0383BE9E495}.Debug|Any CPU.ActiveCfg = Debug
		{88B36E3E-D284-4262-BF63-F0383BE9E495}.Debug|Any CPU.Build.0 = Debug
		{88B36E3E-D284-4262-BF63-F0383BE9E495}.Debug|Mixed Platforms.ActiveCfg = Debug
		{88B36E3E-D284-4262-BF63-F0383BE9E495}.Debug|Mixed Platforms.Build.0 = Debug
		{88B36E3E-D284-4262-BF63-F0383BE9E495}.Debug|x86.ActiveCfg = Debug
		{88B36E3E-D284-4262-BF63-F0383BE9E495}.Debug|x86.Build.0 = Debug
		{88B36E3E-D284-4262-BF63-F0383BE9E495}.Release|Any CPU.ActiveCfg = Release
		{88B36E3E-D284-4262-BF63-F0383BE9E495}.Release|Any CPU.Build.0 = Release
		{88B36E3E-D284-4262-BF63-F0383BE9E495}.Release|Mixed Platforms.ActiveCfg = Release
		{88B36E3E-D284-4262-BF63-F0383BE9E495}.Release|Mixed Platforms.Build.0 = Release
		{88B36E3E-D284-4262-BF63-F0383BE9E495}.Release|x86.ActiveCfg = Release
		{88B36E3E-D284-4262-BF63-F0383BE9E495}.Release|x86.Build.0 = Release
		{37DA80A5-3B92-432E-A209-1DF1557D7D7F}.Debug|Any CPU.ActiveCfg = Debug
		{37DA80A5-3B92-432E-A209-1DF1557D7D7F}.Debug|Any CPU.Build.0 = Debug
		{37DA80A5-3B92-432E-A209-1DF1557D7D7F}.Debug|Mixed Platforms.ActiveCfg = Debug
		{37DA80A5-3B92-432E-A209-1DF1557D7D7F}.Debug|Mixed Platforms.Build.0 = Debug
		{37DA80A5-3B92-432E-A209-1DF1557D7D7F}.Debug|x86.ActiveCfg = Debug
		{37DA80A5-3B92-432E-A209-1DF1557D7D7F}.Debug|x86.Build.0 = Debug
		{37DA80A5-3B92-432E-A209-1DF1557D7D7F}.Release|Any CPU.ActiveCfg = Release
		{37DA80A5-3B92-432E-A209-1DF1557D7D7F}.Release|Any CPU.Build.0 = Release
		{37DA80A5-3B92-432E-A209-1DF1557D7D7F}.Release|Mixed Platforms.ActiveCfg = Release
		{37DA80A5-3B92-432E-A209-1DF1557D7D7F}.Release|Mixed Platforms.Build.0 = Release
		{37DA80A5-3B92-432E-A209-1DF1557D7D7F}.Release|x86.ActiveCfg = Release
		{37DA80A5-3B92-432E-A209-1DF1557D7D7F}.Release|x86.Build.0 = Release
		{318FF73D-8EEB-4C8A-A05B-3A79151AF074}.Debug|Any CPU.ActiveCfg = Debug
		{318FF73D-8EEB-4C8A-A05B-3A79151AF074}.Debug|Any CPU.Build.0 = Debug
		{318FF73D-8EEB-4C8A-A05B-3A79151AF074}.Debug|Mixed Platforms.ActiveCfg = Debug
		{318FF73D-8EEB-4C8A-A05B-3A79151AF074}.Debug|Mixed Platforms.Build.0 = Debug
		{318FF73D-8EEB-4C8A-A05B-3A79151AF074}.Debug|x86.ActiveCfg = Debug
		{318FF73D-8EEB-4C8A-A05B-3A79151AF074}.Debug|x86.Build.0 = Debug
		{318FF73D-8EEB-4C8A-A05B-3A79151AF074}.Release|Any CPU.ActiveCfg = Release
		{318FF73D-8EEB-4C8A-A05B-3A79151AF074}.Release|Any CPU.Build.0 = Release
		{318FF73D-8EEB-4C8A-A05B-3A79151AF074}.Release|Mixed Platforms.ActiveCfg = Release
		{318FF73D-8EEB-4C8A-A05B-3A79151AF074}.Release|Mixed Platforms.Build.0 = Release
		{318FF73D-8EEB-4C8A-A05B-3A79151AF074}.Release|x86.ActiveCfg = Release
		{318FF73D-8EEB-4C8A-A05B-3A79151AF074}.Release|x86.Build.0 = Release
		{99FD521F-6452-42D9-8FF2-BC5DF84C53E4}.Debug|Any CPU.ActiveCfg = Debug
		{99FD521F-6452-42D9-8FF2-BC5DF84C53E4}.Debug|Any CPU.Build.0 = Debug
		{99FD521F-6452-42D9-8FF2-BC5DF84C53E4}.Debug|Mixed Platforms.ActiveCfg = Debug
		{99FD521F-6452-42D9-8FF2-BC5DF84C53E4}.Debug|Mixed Platforms.Build.0 = Debug
		{99FD521F-6452-42D9-8FF2-BC5DF84C53E4}.Debug|x86.ActiveCfg = Debug
		{99FD521F-6452-42D9-8FF2-BC5DF84C53E4}.Debug|x86.Build.0 = Debug
		{99FD521F-6452-42D9-8FF2-BC5DF84C53E4}.Release|Any CPU.ActiveCfg = Release
		{99FD521F-6452-42D9-8FF2-BC5DF84C53E4}.Release|Any CPU.Build.0 = Release
		{99FD521F-6452-42D9-8FF2-BC5DF84C53E4}.Release|Mixed Platforms.ActiveCfg = Release
		{99FD521F-6452-42D9-8FF2-BC5DF84C53E4}.Release|Mixed Platforms.Build.0 = Release
		{99FD521F-6452-42D9-8FF2-BC5DF84C53E4}.Release|x86.ActiveCfg = Release
		{99FD521F-6452-42D9-8FF2-BC5DF84C53E4}.Release|x86.Build.0 = Release
		{B866B34D-39CC-425B-A644-5C5F58BA73F7}.Debug|Any CPU.ActiveCfg = Debug
		{B866B34D-39CC-425B-A644-5C5F58BA73F7}.Debug|Any CPU.Build.0 = Debug
		{B866B34D-39CC-425B-A644-5C5F58BA73F7}.Debug|Mixed Platforms.ActiveCfg = Debug
		{B866B34D-39CC-425B-A644-5C5F58BA73F7}.Debug|Mixed Platforms.Build.0 = Debug
		{B866B34D-39CC-425B-A644-5C5F58BA73F7}.Debug|x86.ActiveCfg = Debug
		{B866B34D-39CC-425B-A644-5C5F58BA73F7}.Debug|x86.Build.0 = Debug
		{B866B34D-39CC-425B-A644-5C5F58BA73F7}.Release|Any CPU.ActiveCfg = Release
		{B866B34D-39CC-425B-A644-5C5F58BA73F7}.Release|Any CPU.Build.0 = Release
		{B866B34D-39CC-425B-A644-5C5F58BA73F7}.Release|Mixed Platforms.ActiveCfg = Release
		{B866B34D-39CC-425B-A644-5C5F58BA73F7}.Release|Mixed Platforms.Build.0 = Release
		{B866B34D-39CC-425B-A644-5C5F58BA73F7}.Release|x86.ActiveCfg = Release
		{B866B34D-39CC-425B-A644-5C5F58BA73F7}.Release|x86.Build.0 = Release
	EndGlobalSection
	GlobalSection(SolutionProperties) = preSolution
		HideSolutionNode = FALSE
	EndGlobalSection
	GlobalSection(NestedProjects) = preSolution
		{CF22A134-8CC0-49E4-95F9-890E83B888F3} = {3EF68E0C-102C-4367-A146-D07E7648B206}
		{CCC638AD-BFE5-4D81-8690-02086C71F971} = {67A9525E-4579-46BE-B83F-ABA501340F13}
		{8D9EA8EC-D207-4A74-B6AF-B8A86DD36BD6} = {CF22A134-8CC0-49E4-95F9-890E83B888F3}
		{0A1AC27E-8491-4F8C-BA3C-8BFD16C51870} = {CF22A134-8CC0-49E4-95F9-890E83B888F3}
		{A63D8D95-3501-4F68-84DB-2EBA94872A96} = {CF22A134-8CC0-49E4-95F9-890E83B888F3}
		{1234D176-B395-47FD-AA94-4B8608AF41FA} = {CF22A134-8CC0-49E4-95F9-890E83B888F3}
		{F60A9AFF-E7E3-4EA4-B70F-82B687FEDEC0} = {CF22A134-8CC0-49E4-95F9-890E83B888F3}
		{4B5372E3-0ECC-47EE-A726-5E472985CDA1} = {CF22A134-8CC0-49E4-95F9-890E83B888F3}
		{B113C174-CBB7-4275-B379-3B45FF6156EB} = {CF22A134-8CC0-49E4-95F9-890E83B888F3}
		{F96169F0-5C5A-4E0A-99D3-6F97188E22BA} = {CF22A134-8CC0-49E4-95F9-890E83B888F3}
		{A43932D2-68E8-476D-9AF9-59A20170EE58} = {8D9EA8EC-D207-4A74-B6AF-B8A86DD36BD6}
		{479F2E9D-F211-4619-8521-C939760743E5} = {0A1AC27E-8491-4F8C-BA3C-8BFD16C51870}
		{85AAB825-C8B5-40F3-B648-54F9B6553B0F} = {0A1AC27E-8491-4F8C-BA3C-8BFD16C51870}
		{80C34ACB-FC72-40A9-B327-5031D1E09A5D} = {0A1AC27E-8491-4F8C-BA3C-8BFD16C51870}
		{43AD69D4-E979-4916-880B-34CC738C80AD} = {A63D8D95-3501-4F68-84DB-2EBA94872A96}
		{69D51CF2-498C-4D0F-B26E-3CAC91490D79} = {A63D8D95-3501-4F68-84DB-2EBA94872A96}
		{9C1194A0-6FFD-4ADD-AE84-C799E143D9AA} = {A63D8D95-3501-4F68-84DB-2EBA94872A96}
		{ED93C978-7334-42B7-8C41-97FA5346C01A} = {A63D8D95-3501-4F68-84DB-2EBA94872A96}
		{04B981A2-0938-451A-8C40-46D3282FA03A} = {A63D8D95-3501-4F68-84DB-2EBA94872A96}
		{61B24C3F-6B77-4A76-9143-AC7F07E64E18} = {1234D176-B395-47FD-AA94-4B8608AF41FA}
		{D3A6ACE7-5FFC-4048-9B77-061C63F1A0CD} = {1234D176-B395-47FD-AA94-4B8608AF41FA}
		{EDC61C86-009E-4B62-9F0C-59A9776AC65A} = {1234D176-B395-47FD-AA94-4B8608AF41FA}
		{57A867B9-8857-431C-99A1-15E17D420AA7} = {1234D176-B395-47FD-AA94-4B8608AF41FA}
		{7305AF4A-FE03-4232-8322-1A6764E5C8DE} = {1234D176-B395-47FD-AA94-4B8608AF41FA}
		{9AB825A2-DDAB-490C-A93C-15C7C614A3BD} = {F60A9AFF-E7E3-4EA4-B70F-82B687FEDEC0}
		{29EADA40-7549-41D2-BC6C-977C6CA9DB73} = {F60A9AFF-E7E3-4EA4-B70F-82B687FEDEC0}
		{84B6605F-F2F0-4CA4-BBCD-12688EC9C335} = {4B5372E3-0ECC-47EE-A726-5E472985CDA1}
		{28F784CE-4C4B-4A18-90DA-A4E0367EDF22} = {4B5372E3-0ECC-47EE-A726-5E472985CDA1}
		{268287BA-3F82-47B2-9779-44A10A30EC69} = {4B5372E3-0ECC-47EE-A726-5E472985CDA1}
		{7CAA30FD-A2C7-426A-8AEB-4EBCB90AEDCD} = {4B5372E3-0ECC-47EE-A726-5E472985CDA1}
		{41C785D1-A3D5-4047-BFA7-EC6A7AFF76AA} = {4B5372E3-0ECC-47EE-A726-5E472985CDA1}
		{B81D8D90-8CE4-4F16-B4B9-5FC27A7435FF} = {B113C174-CBB7-4275-B379-3B45FF6156EB}
		{C0324248-8B3C-45A7-98F7-442C42D042F2} = {B113C174-CBB7-4275-B379-3B45FF6156EB}
		{EF1C4357-1FF5-4893-AB4C-FCE0C4CF2870} = {B113C174-CBB7-4275-B379-3B45FF6156EB}
		{DA986EE3-0B11-4757-8C52-B8B7B07B221F} = {B113C174-CBB7-4275-B379-3B45FF6156EB}
		{972136C0-724C-4FA1-BF34-E0E2D30DF910} = {B113C174-CBB7-4275-B379-3B45FF6156EB}
		{37832A23-8204-41FD-A036-287140428775} = {19CD1D5D-9EFD-4112-B57E-0C4B8415103D}
		{AA8253FE-1399-43A1-84D6-1A719AF58DF3} = {19CD1D5D-9EFD-4112-B57E-0C4B8415103D}
		{5F5606F6-9E02-4754-BFA0-195F6EBF7B83} = {19CD1D5D-9EFD-4112-B57E-0C4B8415103D}
		{6FE4DC32-AB04-4E03-A5BA-DBCAE53B04F7} = {19CD1D5D-9EFD-4112-B57E-0C4B8415103D}
		{546DC573-C335-4E91-AD1A-F0CF17319C89} = {37832A23-8204-41FD-A036-287140428775}
		{BDA14C2F-CEC9-49A8-9AF3-56192DF9FCAA} = {546DC573-C335-4E91-AD1A-F0CF17319C89}
		{E8EBF947-91A1-419A-86A1-F84E4DD9811A} = {F96169F0-5C5A-4E0A-99D3-6F97188E22BA}
		{D7AE211D-E20A-40DE-A997-B4E774725C64} = {F96169F0-5C5A-4E0A-99D3-6F97188E22BA}
		{C515F354-B32B-4082-A17C-1B186171A913} = {F96169F0-5C5A-4E0A-99D3-6F97188E22BA}
		{737DBA44-AAA7-4067-8E0D-31BB91FB2BD4} = {AA8253FE-1399-43A1-84D6-1A719AF58DF3}
		{00C2063D-8285-4528-BE60-30AD8D2F0C6A} = {AA8253FE-1399-43A1-84D6-1A719AF58DF3}
		{305588C0-FE5D-466A-AEEA-508856B573A6} = {AA8253FE-1399-43A1-84D6-1A719AF58DF3}
		{ED33899B-C266-4241-8537-439B19504C4A} = {AA8253FE-1399-43A1-84D6-1A719AF58DF3}
		{CAB46868-9FAB-49A7-957B-BF68FF75DB0B} = {AA8253FE-1399-43A1-84D6-1A719AF58DF3}
		{AA6B794F-F08C-40F6-A676-2B36463500B3} = {5F5606F6-9E02-4754-BFA0-195F6EBF7B83}
		{1888D25B-F110-4EFC-9A29-506915C436A0} = {5F5606F6-9E02-4754-BFA0-195F6EBF7B83}
		{46BEF356-108A-4E31-9E3C-E12E0001196D} = {5F5606F6-9E02-4754-BFA0-195F6EBF7B83}
		{3B586A2B-636A-42BC-AAF0-513D55403661} = {6FE4DC32-AB04-4E03-A5BA-DBCAE53B04F7}
		{F9AAF3DA-10F8-4901-AB9A-FB4ECB91D575} = {6FE4DC32-AB04-4E03-A5BA-DBCAE53B04F7}
		{C1F3079B-8D9F-4EDB-91B7-9702CFDEF7F8} = {6FE4DC32-AB04-4E03-A5BA-DBCAE53B04F7}
		{DAE714C3-0812-469A-88DF-F7321B78D3D2} = {6FE4DC32-AB04-4E03-A5BA-DBCAE53B04F7}
		{BF4E2838-BA61-4FA6-BC04-384DF19E231C} = {6FE4DC32-AB04-4E03-A5BA-DBCAE53B04F7}
		{B866B34D-39CC-425B-A644-5C5F58BA73F7} = {AA6B794F-F08C-40F6-A676-2B36463500B3}
		{318FF73D-8EEB-4C8A-A05B-3A79151AF074} = {00C2063D-8285-4528-BE60-30AD8D2F0C6A}
		{37DA80A5-3B92-432E-A209-1DF1557D7D7F} = {305588C0-FE5D-466A-AEEA-508856B573A6}
		{35848525-B3C0-4B14-ADEE-67B130FDD6EE} = {ED33899B-C266-4241-8537-439B19504C4A}
		{88B36E3E-D284-4262-BF63-F0383BE9E495} = {1888D25B-F110-4EFC-9A29-506915C436A0}
		{99FD521F-6452-42D9-8FF2-BC5DF84C53E4} = {46BEF356-108A-4E31-9E3C-E12E0001196D}
	EndGlobalSection
EndGlobal
