
Microsoft Visual Studio Solution File, Format Version 11.00
# Visual Studio 2010
Project("{2150E333-8FDC-42A3-9474-1A3956D46DE8}") = ".nuget", ".nuget", "{21CBA4C3-8769-4E1A-9C42-79E744816F44}"
	ProjectSection(SolutionItems) = preProject
		.nuget\NuGet.Config = .nuget\NuGet.Config
		.nuget\NuGet.exe = .nuget\NuGet.exe
		.nuget\NuGet.targets = .nuget\NuGet.targets
	EndProjectSection
EndProject
Project("{2150E333-8FDC-42A3-9474-1A3956D46DE8}") = "Plugins", "Plugins", "{3EF68E0C-102C-4367-A146-D07E7648B206}"
EndProject
Project("{FAE04EC0-301F-11D3-BF4B-00C04F79EFBC}") = "AutomationDesktop", "AutomationDesktop\AutomationDesktop.csproj", "{CCC638AD-BFE5-4D81-8690-02086C71F971}"
EndProject
Project("{2150E333-8FDC-42A3-9474-1A3956D46DE8}") = "Automation.Plugins", "Automation.Plugins", "{CF22A134-8CC0-49E4-95F9-890E83B888F3}"
EndProject
Project("{2150E333-8FDC-42A3-9474-1A3956D46DE8}") = "Application", "Application", "{67A9525E-4579-46BE-B83F-ABA501340F13}"
EndProject
Project("{2150E333-8FDC-42A3-9474-1A3956D46DE8}") = "YZ", "YZ", "{1234D176-B395-47FD-AA94-4B8608AF41FA}"
EndProject
Project("{2150E333-8FDC-42A3-9474-1A3956D46DE8}") = "Share", "Share", "{0A1AC27E-8491-4F8C-BA3C-8BFD16C51870}"
EndProject
Project("{FAE04EC0-301F-11D3-BF4B-00C04F79EFBC}") = "Automation.Plugins.YZ.WCS", "Automation.Plugins.YZ.WCS\Automation.Plugins.YZ.WCS.csproj", "{D3A6ACE7-5FFC-4048-9B77-061C63F1A0CD}"
EndProject
Project("{FAE04EC0-301F-11D3-BF4B-00C04F79EFBC}") = "Automation.Plugins.YZ.Sorting", "Automation.Plugins.YZ.Sorting\Automation.Plugins.YZ.Sorting.csproj", "{EDC61C86-009E-4B62-9F0C-59A9776AC65A}"
EndProject
Project("{FAE04EC0-301F-11D3-BF4B-00C04F79EFBC}") = "Automation.Plugins.YZ.Stocking", "Automation.Plugins.YZ.Stocking\Automation.Plugins.YZ.Stocking.csproj", "{57A867B9-8857-431C-99A1-15E17D420AA7}"
EndProject
Project("{2150E333-8FDC-42A3-9474-1A3956D46DE8}") = "Setup", "Setup", "{19CD1D5D-9EFD-4112-B57E-0C4B8415103D}"
EndProject
Project("{2150E333-8FDC-42A3-9474-1A3956D46DE8}") = "YZ", "YZ", "{6FE4DC32-AB04-4E03-A5BA-DBCAE53B04F7}"
EndProject
Project("{2150E333-8FDC-42A3-9474-1A3956D46DE8}") = "Sorting", "Sorting", "{3B586A2B-636A-42BC-AAF0-513D55403661}"
EndProject
Project("{2150E333-8FDC-42A3-9474-1A3956D46DE8}") = "WCS", "WCS", "{F9AAF3DA-10F8-4901-AB9A-FB4ECB91D575}"
EndProject
Project("{2150E333-8FDC-42A3-9474-1A3956D46DE8}") = "ManualSupply", "ManualSupply", "{C1F3079B-8D9F-4EDB-91B7-9702CFDEF7F8}"
EndProject
Project("{2150E333-8FDC-42A3-9474-1A3956D46DE8}") = "Stocking", "Stocking", "{DAE714C3-0812-469A-88DF-F7321B78D3D2}"
EndProject
Project("{2150E333-8FDC-42A3-9474-1A3956D46DE8}") = "Forklift", "Forklift", "{BF4E2838-BA61-4FA6-BC04-384DF19E231C}"
EndProject
Project("{FAE04EC0-301F-11D3-BF4B-00C04F79EFBC}") = "Automation.Plugins.Share.Sorting", "Automation.Plugins.Share.Sorting\Automation.Plugins.Share.Sorting.csproj", "{85AAB825-C8B5-40F3-B648-54F9B6553B0F}"
EndProject
Project("{FAE04EC0-301F-11D3-BF4B-00C04F79EFBC}") = "Automation.Plugins.Share.Stocking", "Automation.Plugins.Share.Stocking\Automation.Plugins.Share.Stocking.csproj", "{80C34ACB-FC72-40A9-B327-5031D1E09A5D}"
EndProject
Project("{FAE04EC0-301F-11D3-BF4B-00C04F79EFBC}") = "Automation.Plugins.Share.ManualSupply", "Automation.Plugins.Share.ManualSupply\Automation.Plugins.Share.ManualSupply.csproj", "{7305AF4A-FE03-4232-8322-1A6764E5C8DE}"
EndProject
Project("{FAE04EC0-301F-11D3-BF4B-00C04F79EFBC}") = "Automation.Plugins.YZ.Forklift", "Automation.Plugins.YZ.Forklift\Automation.Plugins.YZ.Forklift.csproj", "{7FA78D62-2470-469A-97F6-5DF2C95E2E62}"
EndProject
Project("{2150E333-8FDC-42A3-9474-1A3956D46DE8}") = "Common", "Common", "{B5725708-B44D-4D61-9F9B-C4EB80690170}"
EndProject
Project("{FAE04EC0-301F-11D3-BF4B-00C04F79EFBC}") = "Automation.Plugins.Common.Forklift", "Automation.Plugins.Common.Forklift\Automation.Plugins.Common.Forklift.csproj", "{657580E8-4096-483E-B7E6-A320B752BFC4}"
EndProject
Project("{FAE04EC0-301F-11D3-BF4B-00C04F79EFBC}") = "Automation.Plugins.Common.SRM", "Automation.Plugins.Common.SRM\Automation.Plugins.Common.SRM.csproj", "{1EC34619-E48B-47EA-8080-BFA3E8261002}"
EndProject
Global
	GlobalSection(SolutionConfigurationPlatforms) = preSolution
		Debug|Any CPU = Debug|Any CPU
		Debug|Mixed Platforms = Debug|Mixed Platforms
		Debug|x86 = Debug|x86
		Release|Any CPU = Release|Any CPU
		Release|Mixed Platforms = Release|Mixed Platforms
		Release|x86 = Release|x86
	EndGlobalSection
	GlobalSection(ProjectConfigurationPlatforms) = postSolution
		{CCC638AD-BFE5-4D81-8690-02086C71F971}.Debug|Any CPU.ActiveCfg = Debug|Any CPU
		{CCC638AD-BFE5-4D81-8690-02086C71F971}.Debug|Any CPU.Build.0 = Debug|Any CPU
		{CCC638AD-BFE5-4D81-8690-02086C71F971}.Debug|Mixed Platforms.ActiveCfg = Debug|Any CPU
		{CCC638AD-BFE5-4D81-8690-02086C71F971}.Debug|Mixed Platforms.Build.0 = Debug|Any CPU
		{CCC638AD-BFE5-4D81-8690-02086C71F971}.Debug|x86.ActiveCfg = Debug|Any CPU
		{CCC638AD-BFE5-4D81-8690-02086C71F971}.Release|Any CPU.ActiveCfg = Release|Any CPU
		{CCC638AD-BFE5-4D81-8690-02086C71F971}.Release|Any CPU.Build.0 = Release|Any CPU
		{CCC638AD-BFE5-4D81-8690-02086C71F971}.Release|Mixed Platforms.ActiveCfg = Release|Any CPU
		{CCC638AD-BFE5-4D81-8690-02086C71F971}.Release|Mixed Platforms.Build.0 = Release|Any CPU
		{CCC638AD-BFE5-4D81-8690-02086C71F971}.Release|x86.ActiveCfg = Release|Any CPU
		{D3A6ACE7-5FFC-4048-9B77-061C63F1A0CD}.Debug|Any CPU.ActiveCfg = Debug|Any CPU
		{D3A6ACE7-5FFC-4048-9B77-061C63F1A0CD}.Debug|Any CPU.Build.0 = Debug|Any CPU
		{D3A6ACE7-5FFC-4048-9B77-061C63F1A0CD}.Debug|Mixed Platforms.ActiveCfg = Debug|Any CPU
		{D3A6ACE7-5FFC-4048-9B77-061C63F1A0CD}.Debug|Mixed Platforms.Build.0 = Debug|Any CPU
		{D3A6ACE7-5FFC-4048-9B77-061C63F1A0CD}.Debug|x86.ActiveCfg = Debug|Any CPU
		{D3A6ACE7-5FFC-4048-9B77-061C63F1A0CD}.Release|Any CPU.ActiveCfg = Release|Any CPU
		{D3A6ACE7-5FFC-4048-9B77-061C63F1A0CD}.Release|Any CPU.Build.0 = Release|Any CPU
		{D3A6ACE7-5FFC-4048-9B77-061C63F1A0CD}.Release|Mixed Platforms.ActiveCfg = Release|Any CPU
		{D3A6ACE7-5FFC-4048-9B77-061C63F1A0CD}.Release|Mixed Platforms.Build.0 = Release|Any CPU
		{D3A6ACE7-5FFC-4048-9B77-061C63F1A0CD}.Release|x86.ActiveCfg = Release|Any CPU
		{EDC61C86-009E-4B62-9F0C-59A9776AC65A}.Debug|Any CPU.ActiveCfg = Debug|Any CPU
		{EDC61C86-009E-4B62-9F0C-59A9776AC65A}.Debug|Any CPU.Build.0 = Debug|Any CPU
		{EDC61C86-009E-4B62-9F0C-59A9776AC65A}.Debug|Mixed Platforms.ActiveCfg = Debug|Any CPU
		{EDC61C86-009E-4B62-9F0C-59A9776AC65A}.Debug|Mixed Platforms.Build.0 = Debug|Any CPU
		{EDC61C86-009E-4B62-9F0C-59A9776AC65A}.Debug|x86.ActiveCfg = Debug|Any CPU
		{EDC61C86-009E-4B62-9F0C-59A9776AC65A}.Release|Any CPU.ActiveCfg = Release|Any CPU
		{EDC61C86-009E-4B62-9F0C-59A9776AC65A}.Release|Any CPU.Build.0 = Release|Any CPU
		{EDC61C86-009E-4B62-9F0C-59A9776AC65A}.Release|Mixed Platforms.ActiveCfg = Release|Any CPU
		{EDC61C86-009E-4B62-9F0C-59A9776AC65A}.Release|Mixed Platforms.Build.0 = Release|Any CPU
		{EDC61C86-009E-4B62-9F0C-59A9776AC65A}.Release|x86.ActiveCfg = Release|Any CPU
		{57A867B9-8857-431C-99A1-15E17D420AA7}.Debug|Any CPU.ActiveCfg = Debug|Any CPU
		{57A867B9-8857-431C-99A1-15E17D420AA7}.Debug|Any CPU.Build.0 = Debug|Any CPU
		{57A867B9-8857-431C-99A1-15E17D420AA7}.Debug|Mixed Platforms.ActiveCfg = Debug|Any CPU
		{57A867B9-8857-431C-99A1-15E17D420AA7}.Debug|Mixed Platforms.Build.0 = Debug|Any CPU
		{57A867B9-8857-431C-99A1-15E17D420AA7}.Debug|x86.ActiveCfg = Debug|Any CPU
		{57A867B9-8857-431C-99A1-15E17D420AA7}.Release|Any CPU.ActiveCfg = Release|Any CPU
		{57A867B9-8857-431C-99A1-15E17D420AA7}.Release|Any CPU.Build.0 = Release|Any CPU
		{57A867B9-8857-431C-99A1-15E17D420AA7}.Release|Mixed Platforms.ActiveCfg = Release|Any CPU
		{57A867B9-8857-431C-99A1-15E17D420AA7}.Release|Mixed Platforms.Build.0 = Release|Any CPU
		{57A867B9-8857-431C-99A1-15E17D420AA7}.Release|x86.ActiveCfg = Release|Any CPU
		{85AAB825-C8B5-40F3-B648-54F9B6553B0F}.Debug|Any CPU.ActiveCfg = Debug|Any CPU
		{85AAB825-C8B5-40F3-B648-54F9B6553B0F}.Debug|Any CPU.Build.0 = Debug|Any CPU
		{85AAB825-C8B5-40F3-B648-54F9B6553B0F}.Debug|Mixed Platforms.ActiveCfg = Debug|Any CPU
		{85AAB825-C8B5-40F3-B648-54F9B6553B0F}.Debug|Mixed Platforms.Build.0 = Debug|Any CPU
		{85AAB825-C8B5-40F3-B648-54F9B6553B0F}.Debug|x86.ActiveCfg = Debug|Any CPU
		{85AAB825-C8B5-40F3-B648-54F9B6553B0F}.Release|Any CPU.ActiveCfg = Release|Any CPU
		{85AAB825-C8B5-40F3-B648-54F9B6553B0F}.Release|Any CPU.Build.0 = Release|Any CPU
		{85AAB825-C8B5-40F3-B648-54F9B6553B0F}.Release|Mixed Platforms.ActiveCfg = Release|Any CPU
		{85AAB825-C8B5-40F3-B648-54F9B6553B0F}.Release|Mixed Platforms.Build.0 = Release|Any CPU
		{85AAB825-C8B5-40F3-B648-54F9B6553B0F}.Release|x86.ActiveCfg = Release|Any CPU
		{80C34ACB-FC72-40A9-B327-5031D1E09A5D}.Debug|Any CPU.ActiveCfg = Debug|Any CPU
		{80C34ACB-FC72-40A9-B327-5031D1E09A5D}.Debug|Any CPU.Build.0 = Debug|Any CPU
		{80C34ACB-FC72-40A9-B327-5031D1E09A5D}.Debug|Mixed Platforms.ActiveCfg = Debug|Any CPU
		{80C34ACB-FC72-40A9-B327-5031D1E09A5D}.Debug|Mixed Platforms.Build.0 = Debug|Any CPU
		{80C34ACB-FC72-40A9-B327-5031D1E09A5D}.Debug|x86.ActiveCfg = Debug|Any CPU
		{80C34ACB-FC72-40A9-B327-5031D1E09A5D}.Release|Any CPU.ActiveCfg = Release|Any CPU
		{80C34ACB-FC72-40A9-B327-5031D1E09A5D}.Release|Any CPU.Build.0 = Release|Any CPU
		{80C34ACB-FC72-40A9-B327-5031D1E09A5D}.Release|Mixed Platforms.ActiveCfg = Release|Any CPU
		{80C34ACB-FC72-40A9-B327-5031D1E09A5D}.Release|Mixed Platforms.Build.0 = Release|Any CPU
		{80C34ACB-FC72-40A9-B327-5031D1E09A5D}.Release|x86.ActiveCfg = Release|Any CPU
		{7305AF4A-FE03-4232-8322-1A6764E5C8DE}.Debug|Any CPU.ActiveCfg = Debug|Any CPU
		{7305AF4A-FE03-4232-8322-1A6764E5C8DE}.Debug|Any CPU.Build.0 = Debug|Any CPU
		{7305AF4A-FE03-4232-8322-1A6764E5C8DE}.Debug|Mixed Platforms.ActiveCfg = Debug|Any CPU
		{7305AF4A-FE03-4232-8322-1A6764E5C8DE}.Debug|Mixed Platforms.Build.0 = Debug|Any CPU
		{7305AF4A-FE03-4232-8322-1A6764E5C8DE}.Debug|x86.ActiveCfg = Debug|Any CPU
		{7305AF4A-FE03-4232-8322-1A6764E5C8DE}.Release|Any CPU.ActiveCfg = Release|Any CPU
		{7305AF4A-FE03-4232-8322-1A6764E5C8DE}.Release|Any CPU.Build.0 = Release|Any CPU
		{7305AF4A-FE03-4232-8322-1A6764E5C8DE}.Release|Mixed Platforms.ActiveCfg = Release|Any CPU
		{7305AF4A-FE03-4232-8322-1A6764E5C8DE}.Release|Mixed Platforms.Build.0 = Release|Any CPU
		{7305AF4A-FE03-4232-8322-1A6764E5C8DE}.Release|x86.ActiveCfg = Release|Any CPU
		{7FA78D62-2470-469A-97F6-5DF2C95E2E62}.Debug|Any CPU.ActiveCfg = Debug|Any CPU
		{7FA78D62-2470-469A-97F6-5DF2C95E2E62}.Debug|Any CPU.Build.0 = Debug|Any CPU
		{7FA78D62-2470-469A-97F6-5DF2C95E2E62}.Debug|Mixed Platforms.ActiveCfg = Debug|Any CPU
		{7FA78D62-2470-469A-97F6-5DF2C95E2E62}.Debug|Mixed Platforms.Build.0 = Debug|Any CPU
		{7FA78D62-2470-469A-97F6-5DF2C95E2E62}.Debug|x86.ActiveCfg = Debug|Any CPU
		{7FA78D62-2470-469A-97F6-5DF2C95E2E62}.Release|Any CPU.ActiveCfg = Release|Any CPU
		{7FA78D62-2470-469A-97F6-5DF2C95E2E62}.Release|Any CPU.Build.0 = Release|Any CPU
		{7FA78D62-2470-469A-97F6-5DF2C95E2E62}.Release|Mixed Platforms.ActiveCfg = Release|Any CPU
		{7FA78D62-2470-469A-97F6-5DF2C95E2E62}.Release|Mixed Platforms.Build.0 = Release|Any CPU
		{7FA78D62-2470-469A-97F6-5DF2C95E2E62}.Release|x86.ActiveCfg = Release|Any CPU
		{657580E8-4096-483E-B7E6-A320B752BFC4}.Debug|Any CPU.ActiveCfg = Debug|Any CPU
		{657580E8-4096-483E-B7E6-A320B752BFC4}.Debug|Any CPU.Build.0 = Debug|Any CPU
		{657580E8-4096-483E-B7E6-A320B752BFC4}.Debug|Mixed Platforms.ActiveCfg = Debug|Any CPU
		{657580E8-4096-483E-B7E6-A320B752BFC4}.Debug|Mixed Platforms.Build.0 = Debug|Any CPU
		{657580E8-4096-483E-B7E6-A320B752BFC4}.Debug|x86.ActiveCfg = Debug|Any CPU
		{657580E8-4096-483E-B7E6-A320B752BFC4}.Release|Any CPU.ActiveCfg = Release|Any CPU
		{657580E8-4096-483E-B7E6-A320B752BFC4}.Release|Any CPU.Build.0 = Release|Any CPU
		{657580E8-4096-483E-B7E6-A320B752BFC4}.Release|Mixed Platforms.ActiveCfg = Release|Any CPU
		{657580E8-4096-483E-B7E6-A320B752BFC4}.Release|Mixed Platforms.Build.0 = Release|Any CPU
		{657580E8-4096-483E-B7E6-A320B752BFC4}.Release|x86.ActiveCfg = Release|Any CPU
		{1EC34619-E48B-47EA-8080-BFA3E8261002}.Debug|Any CPU.ActiveCfg = Debug|Any CPU
		{1EC34619-E48B-47EA-8080-BFA3E8261002}.Debug|Any CPU.Build.0 = Debug|Any CPU
		{1EC34619-E48B-47EA-8080-BFA3E8261002}.Debug|Mixed Platforms.ActiveCfg = Debug|Any CPU
		{1EC34619-E48B-47EA-8080-BFA3E8261002}.Debug|Mixed Platforms.Build.0 = Debug|Any CPU
		{1EC34619-E48B-47EA-8080-BFA3E8261002}.Debug|x86.ActiveCfg = Debug|Any CPU
		{1EC34619-E48B-47EA-8080-BFA3E8261002}.Release|Any CPU.ActiveCfg = Release|Any CPU
		{1EC34619-E48B-47EA-8080-BFA3E8261002}.Release|Any CPU.Build.0 = Release|Any CPU
		{1EC34619-E48B-47EA-8080-BFA3E8261002}.Release|Mixed Platforms.ActiveCfg = Release|Any CPU
		{1EC34619-E48B-47EA-8080-BFA3E8261002}.Release|Mixed Platforms.Build.0 = Release|Any CPU
		{1EC34619-E48B-47EA-8080-BFA3E8261002}.Release|x86.ActiveCfg = Release|Any CPU
	EndGlobalSection
	GlobalSection(SolutionProperties) = preSolution
		HideSolutionNode = FALSE
	EndGlobalSection
	GlobalSection(NestedProjects) = preSolution
		{CF22A134-8CC0-49E4-95F9-890E83B888F3} = {3EF68E0C-102C-4367-A146-D07E7648B206}
		{CCC638AD-BFE5-4D81-8690-02086C71F971} = {67A9525E-4579-46BE-B83F-ABA501340F13}
		{0A1AC27E-8491-4F8C-BA3C-8BFD16C51870} = {CF22A134-8CC0-49E4-95F9-890E83B888F3}
		{1234D176-B395-47FD-AA94-4B8608AF41FA} = {CF22A134-8CC0-49E4-95F9-890E83B888F3}
		{B5725708-B44D-4D61-9F9B-C4EB80690170} = {CF22A134-8CC0-49E4-95F9-890E83B888F3}
		{85AAB825-C8B5-40F3-B648-54F9B6553B0F} = {0A1AC27E-8491-4F8C-BA3C-8BFD16C51870}
		{80C34ACB-FC72-40A9-B327-5031D1E09A5D} = {0A1AC27E-8491-4F8C-BA3C-8BFD16C51870}
		{7305AF4A-FE03-4232-8322-1A6764E5C8DE} = {0A1AC27E-8491-4F8C-BA3C-8BFD16C51870}
		{D3A6ACE7-5FFC-4048-9B77-061C63F1A0CD} = {1234D176-B395-47FD-AA94-4B8608AF41FA}
		{EDC61C86-009E-4B62-9F0C-59A9776AC65A} = {1234D176-B395-47FD-AA94-4B8608AF41FA}
		{57A867B9-8857-431C-99A1-15E17D420AA7} = {1234D176-B395-47FD-AA94-4B8608AF41FA}
		{7FA78D62-2470-469A-97F6-5DF2C95E2E62} = {1234D176-B395-47FD-AA94-4B8608AF41FA}
		{6FE4DC32-AB04-4E03-A5BA-DBCAE53B04F7} = {19CD1D5D-9EFD-4112-B57E-0C4B8415103D}
		{3B586A2B-636A-42BC-AAF0-513D55403661} = {6FE4DC32-AB04-4E03-A5BA-DBCAE53B04F7}
		{F9AAF3DA-10F8-4901-AB9A-FB4ECB91D575} = {6FE4DC32-AB04-4E03-A5BA-DBCAE53B04F7}
		{C1F3079B-8D9F-4EDB-91B7-9702CFDEF7F8} = {6FE4DC32-AB04-4E03-A5BA-DBCAE53B04F7}
		{DAE714C3-0812-469A-88DF-F7321B78D3D2} = {6FE4DC32-AB04-4E03-A5BA-DBCAE53B04F7}
		{BF4E2838-BA61-4FA6-BC04-384DF19E231C} = {6FE4DC32-AB04-4E03-A5BA-DBCAE53B04F7}
		{657580E8-4096-483E-B7E6-A320B752BFC4} = {B5725708-B44D-4D61-9F9B-C4EB80690170}
		{1EC34619-E48B-47EA-8080-BFA3E8261002} = {B5725708-B44D-4D61-9F9B-C4EB80690170}
	EndGlobalSection
EndGlobal
