
Microsoft Visual Studio Solution File, Format Version 11.00
# Visual Studio 2010
Project("{2150E333-8FDC-42A3-9474-1A3956D46DE8}") = ".nuget", ".nuget", "{21CBA4C3-8769-4E1A-9C42-79E744816F44}"
	ProjectSection(SolutionItems) = preProject
		.nuget\NuGet.Config = .nuget\NuGet.Config
		.nuget\NuGet.exe = .nuget\NuGet.exe
		.nuget\NuGet.targets = .nuget\NuGet.targets
	EndProjectSection
EndProject
Project("{2150E333-8FDC-42A3-9474-1A3956D46DE8}") = "Plugins", "Plugins", "{3EF68E0C-102C-4367-A146-D07E7648B206}"
EndProject
Project("{FAE04EC0-301F-11D3-BF4B-00C04F79EFBC}") = "AutomationDesktop", "AutomationDesktop\AutomationDesktop.csproj", "{CCC638AD-BFE5-4D81-8690-02086C71F971}"
EndProject
Project("{2150E333-8FDC-42A3-9474-1A3956D46DE8}") = "Automation.Plugins", "Automation.Plugins", "{CF22A134-8CC0-49E4-95F9-890E83B888F3}"
EndProject
Project("{2150E333-8FDC-42A3-9474-1A3956D46DE8}") = "Application", "Application", "{67A9525E-4579-46BE-B83F-ABA501340F13}"
EndProject
Project("{FAE04EC0-301F-11D3-BF4B-00C04F79EFBC}") = "Automation.Plugins.Common.Forklift", "Automation.Plugins.Common.Forklift\Automation.Plugins.Common.Forklift.csproj", "{657580E8-4096-483E-B7E6-A320B752BFC4}"
EndProject
Project("{FAE04EC0-301F-11D3-BF4B-00C04F79EFBC}") = "Automation.Plugins.AS.Forklift", "Automation.Plugins.AS.Forklift\Automation.Plugins.AS.Forklift.csproj", "{41C785D1-A3D5-4047-BFA7-EC6A7AFF76AA}"
EndProject
Project("{FAE04EC0-301F-11D3-BF4B-00C04F79EFBC}") = "Automation.Plugins.Common.SRM", "Automation.Plugins.Common.SRM\Automation.Plugins.Common.SRM.csproj", "{1EC34619-E48B-47EA-8080-BFA3E8261002}"
EndProject
Project("{FAE04EC0-301F-11D3-BF4B-00C04F79EFBC}") = "Automation.Plugins.AS.WCS", "Automation.Plugins.AS.WCS\Automation.Plugins.AS.WCS.csproj", "{92828C8A-1AD9-48E4-BAFB-4265A9424DED}"
EndProject
Project("{FAE04EC0-301F-11D3-BF4B-00C04F79EFBC}") = "Automation.Plugins.MDJ.WCS", "Automation.Plugins.MDJ.WCS\Automation.Plugins.MDJ.WCS.csproj", "{A43932D2-68E8-476D-9AF9-59A20170EE58}"
EndProject
Project("{FAE04EC0-301F-11D3-BF4B-00C04F79EFBC}") = "Automation.Plugins.Share.Stocking", "Automation.Plugins.Share.Stocking\Automation.Plugins.Share.Stocking.csproj", "{80C34ACB-FC72-40A9-B327-5031D1E09A5D}"
EndProject
Global
	GlobalSection(SolutionConfigurationPlatforms) = preSolution
		Debug|Any CPU = Debug|Any CPU
		Debug|Mixed Platforms = Debug|Mixed Platforms
		Debug|x86 = Debug|x86
		Release|Any CPU = Release|Any CPU
		Release|Mixed Platforms = Release|Mixed Platforms
		Release|x86 = Release|x86
	EndGlobalSection
	GlobalSection(ProjectConfigurationPlatforms) = postSolution
		{CCC638AD-BFE5-4D81-8690-02086C71F971}.Debug|Any CPU.ActiveCfg = Debug|Any CPU
		{CCC638AD-BFE5-4D81-8690-02086C71F971}.Debug|Any CPU.Build.0 = Debug|Any CPU
		{CCC638AD-BFE5-4D81-8690-02086C71F971}.Debug|Mixed Platforms.ActiveCfg = Debug|Any CPU
		{CCC638AD-BFE5-4D81-8690-02086C71F971}.Debug|Mixed Platforms.Build.0 = Debug|Any CPU
		{CCC638AD-BFE5-4D81-8690-02086C71F971}.Debug|x86.ActiveCfg = Debug|Any CPU
		{CCC638AD-BFE5-4D81-8690-02086C71F971}.Release|Any CPU.ActiveCfg = Release|Any CPU
		{CCC638AD-BFE5-4D81-8690-02086C71F971}.Release|Any CPU.Build.0 = Release|Any CPU
		{CCC638AD-BFE5-4D81-8690-02086C71F971}.Release|Mixed Platforms.ActiveCfg = Release|Any CPU
		{CCC638AD-BFE5-4D81-8690-02086C71F971}.Release|Mixed Platforms.Build.0 = Release|Any CPU
		{CCC638AD-BFE5-4D81-8690-02086C71F971}.Release|x86.ActiveCfg = Release|Any CPU
		{657580E8-4096-483E-B7E6-A320B752BFC4}.Debug|Any CPU.ActiveCfg = Debug|Any CPU
		{657580E8-4096-483E-B7E6-A320B752BFC4}.Debug|Any CPU.Build.0 = Debug|Any CPU
		{657580E8-4096-483E-B7E6-A320B752BFC4}.Debug|Mixed Platforms.ActiveCfg = Debug|Any CPU
		{657580E8-4096-483E-B7E6-A320B752BFC4}.Debug|Mixed Platforms.Build.0 = Debug|Any CPU
		{657580E8-4096-483E-B7E6-A320B752BFC4}.Debug|x86.ActiveCfg = Debug|Any CPU
		{657580E8-4096-483E-B7E6-A320B752BFC4}.Release|Any CPU.ActiveCfg = Release|Any CPU
		{657580E8-4096-483E-B7E6-A320B752BFC4}.Release|Any CPU.Build.0 = Release|Any CPU
		{657580E8-4096-483E-B7E6-A320B752BFC4}.Release|Mixed Platforms.ActiveCfg = Release|Any CPU
		{657580E8-4096-483E-B7E6-A320B752BFC4}.Release|Mixed Platforms.Build.0 = Release|Any CPU
		{657580E8-4096-483E-B7E6-A320B752BFC4}.Release|x86.ActiveCfg = Release|Any CPU
		{41C785D1-A3D5-4047-BFA7-EC6A7AFF76AA}.Debug|Any CPU.ActiveCfg = Debug|Any CPU
		{41C785D1-A3D5-4047-BFA7-EC6A7AFF76AA}.Debug|Any CPU.Build.0 = Debug|Any CPU
		{41C785D1-A3D5-4047-BFA7-EC6A7AFF76AA}.Debug|Mixed Platforms.ActiveCfg = Debug|Any CPU
		{41C785D1-A3D5-4047-BFA7-EC6A7AFF76AA}.Debug|Mixed Platforms.Build.0 = Debug|Any CPU
		{41C785D1-A3D5-4047-BFA7-EC6A7AFF76AA}.Debug|x86.ActiveCfg = Debug|Any CPU
		{41C785D1-A3D5-4047-BFA7-EC6A7AFF76AA}.Release|Any CPU.ActiveCfg = Release|Any CPU
		{41C785D1-A3D5-4047-BFA7-EC6A7AFF76AA}.Release|Any CPU.Build.0 = Release|Any CPU
		{41C785D1-A3D5-4047-BFA7-EC6A7AFF76AA}.Release|Mixed Platforms.ActiveCfg = Release|Any CPU
		{41C785D1-A3D5-4047-BFA7-EC6A7AFF76AA}.Release|Mixed Platforms.Build.0 = Release|Any CPU
		{41C785D1-A3D5-4047-BFA7-EC6A7AFF76AA}.Release|x86.ActiveCfg = Release|Any CPU
		{1EC34619-E48B-47EA-8080-BFA3E8261002}.Debug|Any CPU.ActiveCfg = Debug|Any CPU
		{1EC34619-E48B-47EA-8080-BFA3E8261002}.Debug|Any CPU.Build.0 = Debug|Any CPU
		{1EC34619-E48B-47EA-8080-BFA3E8261002}.Debug|Mixed Platforms.ActiveCfg = Debug|Any CPU
		{1EC34619-E48B-47EA-8080-BFA3E8261002}.Debug|Mixed Platforms.Build.0 = Debug|Any CPU
		{1EC34619-E48B-47EA-8080-BFA3E8261002}.Debug|x86.ActiveCfg = Debug|Any CPU
		{1EC34619-E48B-47EA-8080-BFA3E8261002}.Release|Any CPU.ActiveCfg = Release|Any CPU
		{1EC34619-E48B-47EA-8080-BFA3E8261002}.Release|Any CPU.Build.0 = Release|Any CPU
		{1EC34619-E48B-47EA-8080-BFA3E8261002}.Release|Mixed Platforms.ActiveCfg = Release|Any CPU
		{1EC34619-E48B-47EA-8080-BFA3E8261002}.Release|Mixed Platforms.Build.0 = Release|Any CPU
		{1EC34619-E48B-47EA-8080-BFA3E8261002}.Release|x86.ActiveCfg = Release|Any CPU
		{92828C8A-1AD9-48E4-BAFB-4265A9424DED}.Debug|Any CPU.ActiveCfg = Debug|Any CPU
		{92828C8A-1AD9-48E4-BAFB-4265A9424DED}.Debug|Any CPU.Build.0 = Debug|Any CPU
		{92828C8A-1AD9-48E4-BAFB-4265A9424DED}.Debug|Mixed Platforms.ActiveCfg = Debug|Any CPU
		{92828C8A-1AD9-48E4-BAFB-4265A9424DED}.Debug|Mixed Platforms.Build.0 = Debug|Any CPU
		{92828C8A-1AD9-48E4-BAFB-4265A9424DED}.Debug|x86.ActiveCfg = Debug|Any CPU
		{92828C8A-1AD9-48E4-BAFB-4265A9424DED}.Release|Any CPU.ActiveCfg = Release|Any CPU
		{92828C8A-1AD9-48E4-BAFB-4265A9424DED}.Release|Any CPU.Build.0 = Release|Any CPU
		{92828C8A-1AD9-48E4-BAFB-4265A9424DED}.Release|Mixed Platforms.ActiveCfg = Release|Any CPU
		{92828C8A-1AD9-48E4-BAFB-4265A9424DED}.Release|Mixed Platforms.Build.0 = Release|Any CPU
		{92828C8A-1AD9-48E4-BAFB-4265A9424DED}.Release|x86.ActiveCfg = Release|Any CPU
		{A43932D2-68E8-476D-9AF9-59A20170EE58}.Debug|Any CPU.ActiveCfg = Debug|Any CPU
		{A43932D2-68E8-476D-9AF9-59A20170EE58}.Debug|Any CPU.Build.0 = Debug|Any CPU
		{A43932D2-68E8-476D-9AF9-59A20170EE58}.Debug|Mixed Platforms.ActiveCfg = Debug|Any CPU
		{A43932D2-68E8-476D-9AF9-59A20170EE58}.Debug|Mixed Platforms.Build.0 = Debug|Any CPU
		{A43932D2-68E8-476D-9AF9-59A20170EE58}.Debug|x86.ActiveCfg = Debug|Any CPU
		{A43932D2-68E8-476D-9AF9-59A20170EE58}.Release|Any CPU.ActiveCfg = Release|Any CPU
		{A43932D2-68E8-476D-9AF9-59A20170EE58}.Release|Any CPU.Build.0 = Release|Any CPU
		{A43932D2-68E8-476D-9AF9-59A20170EE58}.Release|Mixed Platforms.ActiveCfg = Release|Any CPU
		{A43932D2-68E8-476D-9AF9-59A20170EE58}.Release|Mixed Platforms.Build.0 = Release|Any CPU
		{A43932D2-68E8-476D-9AF9-59A20170EE58}.Release|x86.ActiveCfg = Release|Any CPU
		{80C34ACB-FC72-40A9-B327-5031D1E09A5D}.Debug|Any CPU.ActiveCfg = Debug|Any CPU
		{80C34ACB-FC72-40A9-B327-5031D1E09A5D}.Debug|Any CPU.Build.0 = Debug|Any CPU
		{80C34ACB-FC72-40A9-B327-5031D1E09A5D}.Debug|Mixed Platforms.ActiveCfg = Debug|Any CPU
		{80C34ACB-FC72-40A9-B327-5031D1E09A5D}.Debug|Mixed Platforms.Build.0 = Debug|Any CPU
		{80C34ACB-FC72-40A9-B327-5031D1E09A5D}.Debug|x86.ActiveCfg = Debug|Any CPU
		{80C34ACB-FC72-40A9-B327-5031D1E09A5D}.Release|Any CPU.ActiveCfg = Release|Any CPU
		{80C34ACB-FC72-40A9-B327-5031D1E09A5D}.Release|Any CPU.Build.0 = Release|Any CPU
		{80C34ACB-FC72-40A9-B327-5031D1E09A5D}.Release|Mixed Platforms.ActiveCfg = Release|Any CPU
		{80C34ACB-FC72-40A9-B327-5031D1E09A5D}.Release|Mixed Platforms.Build.0 = Release|Any CPU
		{80C34ACB-FC72-40A9-B327-5031D1E09A5D}.Release|x86.ActiveCfg = Release|Any CPU
	EndGlobalSection
	GlobalSection(SolutionProperties) = preSolution
		HideSolutionNode = FALSE
	EndGlobalSection
	GlobalSection(NestedProjects) = preSolution
		{CF22A134-8CC0-49E4-95F9-890E83B888F3} = {3EF68E0C-102C-4367-A146-D07E7648B206}
		{CCC638AD-BFE5-4D81-8690-02086C71F971} = {67A9525E-4579-46BE-B83F-ABA501340F13}
		{657580E8-4096-483E-B7E6-A320B752BFC4} = {CF22A134-8CC0-49E4-95F9-890E83B888F3}
		{41C785D1-A3D5-4047-BFA7-EC6A7AFF76AA} = {CF22A134-8CC0-49E4-95F9-890E83B888F3}
		{1EC34619-E48B-47EA-8080-BFA3E8261002} = {CF22A134-8CC0-49E4-95F9-890E83B888F3}
		{92828C8A-1AD9-48E4-BAFB-4265A9424DED} = {CF22A134-8CC0-49E4-95F9-890E83B888F3}
		{A43932D2-68E8-476D-9AF9-59A20170EE58} = {CF22A134-8CC0-49E4-95F9-890E83B888F3}
		{80C34ACB-FC72-40A9-B327-5031D1E09A5D} = {CF22A134-8CC0-49E4-95F9-890E83B888F3}
	EndGlobalSection
EndGlobal
